// !$*UTF8*$!
{
	archiveVersion = 1;
	classes = {
	};
	objectVersion = 46;
	objects = {

/* Begin PBXBuildFile section */
		040685F21BA81B4A006AB926 /* FuniKeyChain.m in Sources */ = {isa = PBXBuildFile; fileRef = 040685EF1BA81B4A006AB926 /* FuniKeyChain.m */; };
		040685F31BA81B4A006AB926 /* KeychainItemWrapper.m in Sources */ = {isa = PBXBuildFile; fileRef = 040685F11BA81B4A006AB926 /* KeychainItemWrapper.m */; settings = {COMPILER_FLAGS = "-fno-objc-arc"; }; };
		040685F71BA81EB3006AB926 /* KGHttpService.m in Sources */ = {isa = PBXBuildFile; fileRef = 040685F61BA81EB3006AB926 /* KGHttpService.m */; };
		040685F91BA8277E006AB926 /* Security.framework in Frameworks */ = {isa = PBXBuildFile; fileRef = 040685F81BA8277E006AB926 /* Security.framework */; };
		041CC2B51BA7F01A00D1CB51 /* UMFeedbackLocalizable.strings in Resources */ = {isa = PBXBuildFile; fileRef = 041CC28C1BA7F01A00D1CB51 /* UMFeedbackLocalizable.strings */; };
		041CC2B61BA7F01A00D1CB51 /* libUMFeedback.a in Frameworks */ = {isa = PBXBuildFile; fileRef = 041CC28E1BA7F01A00D1CB51 /* libUMFeedback.a */; };
		041CC2B71BA7F01A00D1CB51 /* bubble_min@2x.png in Resources */ = {isa = PBXBuildFile; fileRef = 041CC2901BA7F01A00D1CB51 /* bubble_min@2x.png */; };
		041CC2B81BA7F01A00D1CB51 /* cancel@2x.png in Resources */ = {isa = PBXBuildFile; fileRef = 041CC2911BA7F01A00D1CB51 /* cancel@2x.png */; };
		041CC2B91BA7F01A00D1CB51 /* microphone@2x.png in Resources */ = {isa = PBXBuildFile; fileRef = 041CC2921BA7F01A00D1CB51 /* microphone@2x.png */; };
		041CC2BA1BA7F01A00D1CB51 /* save@2x.png in Resources */ = {isa = PBXBuildFile; fileRef = 041CC2931BA7F01A00D1CB51 /* save@2x.png */; };
		041CC2BB1BA7F01A00D1CB51 /* ToolViewInputText@2x.png in Resources */ = {isa = PBXBuildFile; fileRef = 041CC2941BA7F01A00D1CB51 /* ToolViewInputText@2x.png */; };
		041CC2BC1BA7F01A00D1CB51 /* ToolViewInputTextHL@2x.png in Resources */ = {isa = PBXBuildFile; fileRef = 041CC2951BA7F01A00D1CB51 /* ToolViewInputTextHL@2x.png */; };
		041CC2BD1BA7F01A00D1CB51 /* ToolViewInputVoice@2x.png in Resources */ = {isa = PBXBuildFile; fileRef = 041CC2961BA7F01A00D1CB51 /* ToolViewInputVoice@2x.png */; };
		041CC2BE1BA7F01A00D1CB51 /* ToolViewInputVoiceHL@2x.png in Resources */ = {isa = PBXBuildFile; fileRef = 041CC2971BA7F01A00D1CB51 /* ToolViewInputVoiceHL@2x.png */; };
		041CC2BF1BA7F01A00D1CB51 /* umeng_add_photo@2x.png in Resources */ = {isa = PBXBuildFile; fileRef = 041CC2981BA7F01A00D1CB51 /* umeng_add_photo@2x.png */; };
		041CC2C01BA7F01A00D1CB51 /* umeng_fb_audio_dialog_cancel@2x.png in Resources */ = {isa = PBXBuildFile; fileRef = 041CC2991BA7F01A00D1CB51 /* umeng_fb_audio_dialog_cancel@2x.png */; };
		041CC2C11BA7F01A00D1CB51 /* umeng_fb_audio_dialog_content@2x.png in Resources */ = {isa = PBXBuildFile; fileRef = 041CC29A1BA7F01A00D1CB51 /* umeng_fb_audio_dialog_content@2x.png */; };
		041CC2C21BA7F01A00D1CB51 /* umeng_fb_audio_play_01@2x.png in Resources */ = {isa = PBXBuildFile; fileRef = 041CC29B1BA7F01A00D1CB51 /* umeng_fb_audio_play_01@2x.png */; };
		041CC2C31BA7F01A00D1CB51 /* umeng_fb_audio_play_02@2x.png in Resources */ = {isa = PBXBuildFile; fileRef = 041CC29C1BA7F01A00D1CB51 /* umeng_fb_audio_play_02@2x.png */; };
		041CC2C41BA7F01A00D1CB51 /* umeng_fb_audio_play_03@2x.png in Resources */ = {isa = PBXBuildFile; fileRef = 041CC29D1BA7F01A00D1CB51 /* umeng_fb_audio_play_03@2x.png */; };
		041CC2C51BA7F01A00D1CB51 /* umeng_fb_audio_play_default@2x.png in Resources */ = {isa = PBXBuildFile; fileRef = 041CC29E1BA7F01A00D1CB51 /* umeng_fb_audio_play_default@2x.png */; };
		041CC2C61BA7F01A00D1CB51 /* UMFeedbackViewController.m in Sources */ = {isa = PBXBuildFile; fileRef = 041CC2A11BA7F01A00D1CB51 /* UMFeedbackViewController.m */; };
		041CC2C71BA7F01A00D1CB51 /* libUMOpus.a in Frameworks */ = {isa = PBXBuildFile; fileRef = 041CC2A41BA7F01A00D1CB51 /* libUMOpus.a */; };
		041CC2C81BA7F01A00D1CB51 /* UMChatTableViewCell.m in Sources */ = {isa = PBXBuildFile; fileRef = 041CC2A91BA7F01A00D1CB51 /* UMChatTableViewCell.m */; };
		041CC2C91BA7F01A00D1CB51 /* UMChatToolBar.m in Sources */ = {isa = PBXBuildFile; fileRef = 041CC2AB1BA7F01A00D1CB51 /* UMChatToolBar.m */; };
		041CC2CA1BA7F01A00D1CB51 /* UMFullScreenPhotoView.m in Sources */ = {isa = PBXBuildFile; fileRef = 041CC2AD1BA7F01A00D1CB51 /* UMFullScreenPhotoView.m */; };
		041CC2CB1BA7F01A00D1CB51 /* UMPostTableViewCell.m in Sources */ = {isa = PBXBuildFile; fileRef = 041CC2AF1BA7F01A00D1CB51 /* UMPostTableViewCell.m */; };
		041CC2CC1BA7F01A00D1CB51 /* UMRadialView.m in Sources */ = {isa = PBXBuildFile; fileRef = 041CC2B11BA7F01A00D1CB51 /* UMRadialView.m */; };
		041CC2CD1BA7F01A00D1CB51 /* UMTextView.m in Sources */ = {isa = PBXBuildFile; fileRef = 041CC2B31BA7F01A00D1CB51 /* UMTextView.m */; };
		045449611BA03A5A0067C0F6 /* UtilMethod.m in Sources */ = {isa = PBXBuildFile; fileRef = 045449601BA03A5A0067C0F6 /* UtilMethod.m */; };
		045449641BA03F010067C0F6 /* KGBaseDomain.m in Sources */ = {isa = PBXBuildFile; fileRef = 045449631BA03F010067C0F6 /* KGBaseDomain.m */; };
		045449671BA03FA20067C0F6 /* ResMsgDomain.m in Sources */ = {isa = PBXBuildFile; fileRef = 045449661BA03FA20067C0F6 /* ResMsgDomain.m */; };
		0454497A1BA041540067C0F6 /* MJConst.m in Sources */ = {isa = PBXBuildFile; fileRef = 0454496A1BA041540067C0F6 /* MJConst.m */; };
		0454497B1BA041540067C0F6 /* MJFoundation.m in Sources */ = {isa = PBXBuildFile; fileRef = 0454496D1BA041540067C0F6 /* MJFoundation.m */; };
		0454497C1BA041540067C0F6 /* MJProperty.m in Sources */ = {isa = PBXBuildFile; fileRef = 0454496F1BA041540067C0F6 /* MJProperty.m */; };
		0454497D1BA041540067C0F6 /* MJType.m in Sources */ = {isa = PBXBuildFile; fileRef = 045449711BA041540067C0F6 /* MJType.m */; };
		0454497E1BA041540067C0F6 /* NSObject+MJCoding.m in Sources */ = {isa = PBXBuildFile; fileRef = 045449731BA041540067C0F6 /* NSObject+MJCoding.m */; };
		0454497F1BA041540067C0F6 /* NSObject+MJKeyValue.m in Sources */ = {isa = PBXBuildFile; fileRef = 045449751BA041540067C0F6 /* NSObject+MJKeyValue.m */; };
		045449801BA041540067C0F6 /* NSObject+MJProperty.m in Sources */ = {isa = PBXBuildFile; fileRef = 045449771BA041540067C0F6 /* NSObject+MJProperty.m */; };
		045449811BA041540067C0F6 /* NSString+MJExtension.m in Sources */ = {isa = PBXBuildFile; fileRef = 045449791BA041540067C0F6 /* NSString+MJExtension.m */; };
		045FF5011BA6A0DF00938124 /* pushTableViewCell.m in Sources */ = {isa = PBXBuildFile; fileRef = 045FF4FF1BA6A0DF00938124 /* pushTableViewCell.m */; };
		045FF5021BA6A0DF00938124 /* pushTableViewCell.xib in Resources */ = {isa = PBXBuildFile; fileRef = 045FF5001BA6A0DF00938124 /* pushTableViewCell.xib */; };
		045FF5061BA6A63C00938124 /* libUMessage_Sdk_1.1.0.a in Frameworks */ = {isa = PBXBuildFile; fileRef = 045FF5041BA6A63C00938124 /* libUMessage_Sdk_1.1.0.a */; };
		046293361BA1884500741C3B /* ZYQAssetPicker.Bundle in Resources */ = {isa = PBXBuildFile; fileRef = 046293331BA1884500741C3B /* ZYQAssetPicker.Bundle */; };
		046293371BA1884500741C3B /* ZYQAssetPickerController.m in Sources */ = {isa = PBXBuildFile; fileRef = 046293351BA1884500741C3B /* ZYQAssetPickerController.m */; };
		0468E01F1B9EEB28001BA58F /* KDConstants.m in Sources */ = {isa = PBXBuildFile; fileRef = 0468E01E1B9EEB28001BA58F /* KDConstants.m */; };
		04A60ABD1B9EBEB400AC61D5 /* AFHTTPRequestOperation.m in Sources */ = {isa = PBXBuildFile; fileRef = 04A60AAB1B9EBEB400AC61D5 /* AFHTTPRequestOperation.m */; };
		04A60ABE1B9EBEB400AC61D5 /* AFHTTPRequestOperationManager.m in Sources */ = {isa = PBXBuildFile; fileRef = 04A60AAD1B9EBEB400AC61D5 /* AFHTTPRequestOperationManager.m */; };
		04A60ABF1B9EBEB400AC61D5 /* AFHTTPSessionManager.m in Sources */ = {isa = PBXBuildFile; fileRef = 04A60AAF1B9EBEB400AC61D5 /* AFHTTPSessionManager.m */; };
		04A60AC01B9EBEB400AC61D5 /* AFNetworkReachabilityManager.m in Sources */ = {isa = PBXBuildFile; fileRef = 04A60AB21B9EBEB400AC61D5 /* AFNetworkReachabilityManager.m */; };
		04A60AC11B9EBEB400AC61D5 /* AFSecurityPolicy.m in Sources */ = {isa = PBXBuildFile; fileRef = 04A60AB41B9EBEB400AC61D5 /* AFSecurityPolicy.m */; };
		04A60AC21B9EBEB400AC61D5 /* AFURLConnectionOperation.m in Sources */ = {isa = PBXBuildFile; fileRef = 04A60AB61B9EBEB400AC61D5 /* AFURLConnectionOperation.m */; };
		04A60AC31B9EBEB400AC61D5 /* AFURLRequestSerialization.m in Sources */ = {isa = PBXBuildFile; fileRef = 04A60AB81B9EBEB400AC61D5 /* AFURLRequestSerialization.m */; };
		04A60AC41B9EBEB400AC61D5 /* AFURLResponseSerialization.m in Sources */ = {isa = PBXBuildFile; fileRef = 04A60ABA1B9EBEB400AC61D5 /* AFURLResponseSerialization.m */; };
		04A60AC51B9EBEB400AC61D5 /* AFURLSessionManager.m in Sources */ = {isa = PBXBuildFile; fileRef = 04A60ABC1B9EBEB400AC61D5 /* AFURLSessionManager.m */; };
		04A6ADFA1B9447EC0001E58D /* setUpTableViewController.m in Sources */ = {isa = PBXBuildFile; fileRef = 04A6ADF81B9447EC0001E58D /* setUpTableViewController.m */; };
		04A6ADFB1B9447EC0001E58D /* setUpTableViewController.xib in Resources */ = {isa = PBXBuildFile; fileRef = 04A6ADF91B9447EC0001E58D /* setUpTableViewController.xib */; };
		04B250201B9552ED0041DB62 /* aboutUsViewController.m in Sources */ = {isa = PBXBuildFile; fileRef = 04B2501E1B9552ED0041DB62 /* aboutUsViewController.m */; };
		04B250211B9552ED0041DB62 /* aboutUsViewController.xib in Resources */ = {isa = PBXBuildFile; fileRef = 04B2501F1B9552ED0041DB62 /* aboutUsViewController.xib */; };
		04B2502F1B958EE80041DB62 /* pushTableViewController.m in Sources */ = {isa = PBXBuildFile; fileRef = 04B2502D1B958EE80041DB62 /* pushTableViewController.m */; };
		04B250301B958EE80041DB62 /* pushTableViewController.xib in Resources */ = {isa = PBXBuildFile; fileRef = 04B2502E1B958EE80041DB62 /* pushTableViewController.xib */; };
		04B250341B959FBC0041DB62 /* feedBackViewController.m in Sources */ = {isa = PBXBuildFile; fileRef = 04B250321B959FBC0041DB62 /* feedBackViewController.m */; };
		04B250351B959FBC0041DB62 /* feedBackViewController.xib in Resources */ = {isa = PBXBuildFile; fileRef = 04B250331B959FBC0041DB62 /* feedBackViewController.xib */; };
		04E8FE8C1B900DFF00119282 /* HomePageViewController.xib in Resources */ = {isa = PBXBuildFile; fileRef = 04E8FE801B900DFF00119282 /* HomePageViewController.xib */; };
		04E8FE931B900DFF00119282 /* HomePageViewController.m in Sources */ = {isa = PBXBuildFile; fileRef = 04E8FE8A1B900DFF00119282 /* HomePageViewController.m */; };
		E73218DD1B7C7CFA00B09F6B /* main.m in Sources */ = {isa = PBXBuildFile; fileRef = E73218DC1B7C7CFA00B09F6B /* main.m */; };
		E73218E01B7C7CFA00B09F6B /* AppDelegate.m in Sources */ = {isa = PBXBuildFile; fileRef = E73218DF1B7C7CFA00B09F6B /* AppDelegate.m */; };
		E73218E81B7C7CFA00B09F6B /* Images.xcassets in Resources */ = {isa = PBXBuildFile; fileRef = E73218E71B7C7CFA00B09F6B /* Images.xcassets */; };
		E73218EB1B7C7CFA00B09F6B /* LaunchScreen.xib in Resources */ = {isa = PBXBuildFile; fileRef = E73218E91B7C7CFA00B09F6B /* LaunchScreen.xib */; };
		E75CA5E11B7CC93C00FF56CF /* libz.dylib in Frameworks */ = {isa = PBXBuildFile; fileRef = E75CA5E01B7CC93C00FF56CF /* libz.dylib */; };
		E75CA5E51B7CCE8000FF56CF /* libMobClickLibrary.a in Frameworks */ = {isa = PBXBuildFile; fileRef = E75CA5E21B7CCE8000FF56CF /* libMobClickLibrary.a */; };
/* End PBXBuildFile section */

/* Begin PBXContainerItemProxy section */
		E73218F11B7C7CFB00B09F6B /* PBXContainerItemProxy */ = {
			isa = PBXContainerItemProxy;
			containerPortal = E73218CF1B7C7CFA00B09F6B /* Project object */;
			proxyType = 1;
			remoteGlobalIDString = E73218D61B7C7CFA00B09F6B;
			remoteInfo = KDteacher;
		};
/* End PBXContainerItemProxy section */

/* Begin PBXFileReference section */
		040685EE1BA81B4A006AB926 /* FuniKeyChain.h */ = {isa = PBXFileReference; fileEncoding = 4; lastKnownFileType = sourcecode.c.h; path = FuniKeyChain.h; sourceTree = "<group>"; };
		040685EF1BA81B4A006AB926 /* FuniKeyChain.m */ = {isa = PBXFileReference; fileEncoding = 4; lastKnownFileType = sourcecode.c.objc; path = FuniKeyChain.m; sourceTree = "<group>"; };
		040685F01BA81B4A006AB926 /* KeychainItemWrapper.h */ = {isa = PBXFileReference; fileEncoding = 4; lastKnownFileType = sourcecode.c.h; path = KeychainItemWrapper.h; sourceTree = "<group>"; };
		040685F11BA81B4A006AB926 /* KeychainItemWrapper.m */ = {isa = PBXFileReference; fileEncoding = 4; lastKnownFileType = sourcecode.c.objc; path = KeychainItemWrapper.m; sourceTree = "<group>"; };
		040685F51BA81EB3006AB926 /* KGHttpService.h */ = {isa = PBXFileReference; fileEncoding = 4; lastKnownFileType = sourcecode.c.h; path = KGHttpService.h; sourceTree = "<group>"; };
		040685F61BA81EB3006AB926 /* KGHttpService.m */ = {isa = PBXFileReference; fileEncoding = 4; lastKnownFileType = sourcecode.c.objc; path = KGHttpService.m; sourceTree = "<group>"; };
		040685F81BA8277E006AB926 /* Security.framework */ = {isa = PBXFileReference; lastKnownFileType = wrapper.framework; name = Security.framework; path = System/Library/Frameworks/Security.framework; sourceTree = SDKROOT; };
		041CC28D1BA7F01A00D1CB51 /* Base */ = {isa = PBXFileReference; lastKnownFileType = text.plist.strings; name = Base; path = Base.lproj/UMFeedbackLocalizable.strings; sourceTree = "<group>"; };
		041CC28E1BA7F01A00D1CB51 /* libUMFeedback.a */ = {isa = PBXFileReference; lastKnownFileType = archive.ar; path = libUMFeedback.a; sourceTree = "<group>"; };
		041CC2901BA7F01A00D1CB51 /* bubble_min@2x.png */ = {isa = PBXFileReference; lastKnownFileType = image.png; path = "bubble_min@2x.png"; sourceTree = "<group>"; };
		041CC2911BA7F01A00D1CB51 /* cancel@2x.png */ = {isa = PBXFileReference; lastKnownFileType = image.png; path = "cancel@2x.png"; sourceTree = "<group>"; };
		041CC2921BA7F01A00D1CB51 /* microphone@2x.png */ = {isa = PBXFileReference; lastKnownFileType = image.png; path = "microphone@2x.png"; sourceTree = "<group>"; };
		041CC2931BA7F01A00D1CB51 /* save@2x.png */ = {isa = PBXFileReference; lastKnownFileType = image.png; path = "save@2x.png"; sourceTree = "<group>"; };
		041CC2941BA7F01A00D1CB51 /* ToolViewInputText@2x.png */ = {isa = PBXFileReference; lastKnownFileType = image.png; path = "ToolViewInputText@2x.png"; sourceTree = "<group>"; };
		041CC2951BA7F01A00D1CB51 /* ToolViewInputTextHL@2x.png */ = {isa = PBXFileReference; lastKnownFileType = image.png; path = "ToolViewInputTextHL@2x.png"; sourceTree = "<group>"; };
		041CC2961BA7F01A00D1CB51 /* ToolViewInputVoice@2x.png */ = {isa = PBXFileReference; lastKnownFileType = image.png; path = "ToolViewInputVoice@2x.png"; sourceTree = "<group>"; };
		041CC2971BA7F01A00D1CB51 /* ToolViewInputVoiceHL@2x.png */ = {isa = PBXFileReference; lastKnownFileType = image.png; path = "ToolViewInputVoiceHL@2x.png"; sourceTree = "<group>"; };
		041CC2981BA7F01A00D1CB51 /* umeng_add_photo@2x.png */ = {isa = PBXFileReference; lastKnownFileType = image.png; path = "umeng_add_photo@2x.png"; sourceTree = "<group>"; };
		041CC2991BA7F01A00D1CB51 /* umeng_fb_audio_dialog_cancel@2x.png */ = {isa = PBXFileReference; lastKnownFileType = image.png; path = "umeng_fb_audio_dialog_cancel@2x.png"; sourceTree = "<group>"; };
		041CC29A1BA7F01A00D1CB51 /* umeng_fb_audio_dialog_content@2x.png */ = {isa = PBXFileReference; lastKnownFileType = image.png; path = "umeng_fb_audio_dialog_content@2x.png"; sourceTree = "<group>"; };
		041CC29B1BA7F01A00D1CB51 /* umeng_fb_audio_play_01@2x.png */ = {isa = PBXFileReference; lastKnownFileType = image.png; path = "umeng_fb_audio_play_01@2x.png"; sourceTree = "<group>"; };
		041CC29C1BA7F01A00D1CB51 /* umeng_fb_audio_play_02@2x.png */ = {isa = PBXFileReference; lastKnownFileType = image.png; path = "umeng_fb_audio_play_02@2x.png"; sourceTree = "<group>"; };
		041CC29D1BA7F01A00D1CB51 /* umeng_fb_audio_play_03@2x.png */ = {isa = PBXFileReference; lastKnownFileType = image.png; path = "umeng_fb_audio_play_03@2x.png"; sourceTree = "<group>"; };
		041CC29E1BA7F01A00D1CB51 /* umeng_fb_audio_play_default@2x.png */ = {isa = PBXFileReference; lastKnownFileType = image.png; path = "umeng_fb_audio_play_default@2x.png"; sourceTree = "<group>"; };
		041CC29F1BA7F01A00D1CB51 /* UMFeedback.h */ = {isa = PBXFileReference; fileEncoding = 4; lastKnownFileType = sourcecode.c.h; path = UMFeedback.h; sourceTree = "<group>"; };
		041CC2A01BA7F01A00D1CB51 /* UMFeedbackViewController.h */ = {isa = PBXFileReference; fileEncoding = 4; lastKnownFileType = sourcecode.c.h; path = UMFeedbackViewController.h; sourceTree = "<group>"; };
		041CC2A11BA7F01A00D1CB51 /* UMFeedbackViewController.m */ = {isa = PBXFileReference; fileEncoding = 4; lastKnownFileType = sourcecode.c.objc; path = UMFeedbackViewController.m; sourceTree = "<group>"; };
		041CC2A21BA7F01A00D1CB51 /* UMOpenMacros.h */ = {isa = PBXFileReference; fileEncoding = 4; lastKnownFileType = sourcecode.c.h; path = UMOpenMacros.h; sourceTree = "<group>"; };
		041CC2A41BA7F01A00D1CB51 /* libUMOpus.a */ = {isa = PBXFileReference; lastKnownFileType = archive.ar; path = libUMOpus.a; sourceTree = "<group>"; };
		041CC2A51BA7F01A00D1CB51 /* UMOpus.h */ = {isa = PBXFileReference; fileEncoding = 4; lastKnownFileType = sourcecode.c.h; path = UMOpus.h; sourceTree = "<group>"; };
		041CC2A61BA7F01A00D1CB51 /* UMRecorder.h */ = {isa = PBXFileReference; fileEncoding = 4; lastKnownFileType = sourcecode.c.h; path = UMRecorder.h; sourceTree = "<group>"; };
		041CC2A81BA7F01A00D1CB51 /* UMChatTableViewCell.h */ = {isa = PBXFileReference; fileEncoding = 4; lastKnownFileType = sourcecode.c.h; path = UMChatTableViewCell.h; sourceTree = "<group>"; };
		041CC2A91BA7F01A00D1CB51 /* UMChatTableViewCell.m */ = {isa = PBXFileReference; fileEncoding = 4; lastKnownFileType = sourcecode.c.objc; path = UMChatTableViewCell.m; sourceTree = "<group>"; };
		041CC2AA1BA7F01A00D1CB51 /* UMChatToolBar.h */ = {isa = PBXFileReference; fileEncoding = 4; lastKnownFileType = sourcecode.c.h; path = UMChatToolBar.h; sourceTree = "<group>"; };
		041CC2AB1BA7F01A00D1CB51 /* UMChatToolBar.m */ = {isa = PBXFileReference; fileEncoding = 4; lastKnownFileType = sourcecode.c.objc; path = UMChatToolBar.m; sourceTree = "<group>"; };
		041CC2AC1BA7F01A00D1CB51 /* UMFullScreenPhotoView.h */ = {isa = PBXFileReference; fileEncoding = 4; lastKnownFileType = sourcecode.c.h; path = UMFullScreenPhotoView.h; sourceTree = "<group>"; };
		041CC2AD1BA7F01A00D1CB51 /* UMFullScreenPhotoView.m */ = {isa = PBXFileReference; fileEncoding = 4; lastKnownFileType = sourcecode.c.objc; path = UMFullScreenPhotoView.m; sourceTree = "<group>"; };
		041CC2AE1BA7F01A00D1CB51 /* UMPostTableViewCell.h */ = {isa = PBXFileReference; fileEncoding = 4; lastKnownFileType = sourcecode.c.h; path = UMPostTableViewCell.h; sourceTree = "<group>"; };
		041CC2AF1BA7F01A00D1CB51 /* UMPostTableViewCell.m */ = {isa = PBXFileReference; fileEncoding = 4; lastKnownFileType = sourcecode.c.objc; path = UMPostTableViewCell.m; sourceTree = "<group>"; };
		041CC2B01BA7F01A00D1CB51 /* UMRadialView.h */ = {isa = PBXFileReference; fileEncoding = 4; lastKnownFileType = sourcecode.c.h; path = UMRadialView.h; sourceTree = "<group>"; };
		041CC2B11BA7F01A00D1CB51 /* UMRadialView.m */ = {isa = PBXFileReference; fileEncoding = 4; lastKnownFileType = sourcecode.c.objc; path = UMRadialView.m; sourceTree = "<group>"; };
		041CC2B21BA7F01A00D1CB51 /* UMTextView.h */ = {isa = PBXFileReference; fileEncoding = 4; lastKnownFileType = sourcecode.c.h; path = UMTextView.h; sourceTree = "<group>"; };
		041CC2B31BA7F01A00D1CB51 /* UMTextView.m */ = {isa = PBXFileReference; fileEncoding = 4; lastKnownFileType = sourcecode.c.objc; path = UMTextView.m; sourceTree = "<group>"; };
		041CC2B41BA7F01A00D1CB51 /* zh-Hans */ = {isa = PBXFileReference; lastKnownFileType = text.plist.strings; name = "zh-Hans"; path = "zh-Hans.lproj/UMFeedbackLocalizable.strings"; sourceTree = "<group>"; };
		0454495F1BA03A5A0067C0F6 /* UtilMethod.h */ = {isa = PBXFileReference; fileEncoding = 4; lastKnownFileType = sourcecode.c.h; path = UtilMethod.h; sourceTree = "<group>"; };
		045449601BA03A5A0067C0F6 /* UtilMethod.m */ = {isa = PBXFileReference; fileEncoding = 4; lastKnownFileType = sourcecode.c.objc; path = UtilMethod.m; sourceTree = "<group>"; };
		045449621BA03F010067C0F6 /* KGBaseDomain.h */ = {isa = PBXFileReference; fileEncoding = 4; lastKnownFileType = sourcecode.c.h; path = KGBaseDomain.h; sourceTree = "<group>"; };
		045449631BA03F010067C0F6 /* KGBaseDomain.m */ = {isa = PBXFileReference; fileEncoding = 4; lastKnownFileType = sourcecode.c.objc; path = KGBaseDomain.m; sourceTree = "<group>"; };
		045449651BA03FA20067C0F6 /* ResMsgDomain.h */ = {isa = PBXFileReference; fileEncoding = 4; lastKnownFileType = sourcecode.c.h; path = ResMsgDomain.h; sourceTree = "<group>"; };
		045449661BA03FA20067C0F6 /* ResMsgDomain.m */ = {isa = PBXFileReference; fileEncoding = 4; lastKnownFileType = sourcecode.c.objc; path = ResMsgDomain.m; sourceTree = "<group>"; };
		045449691BA041540067C0F6 /* MJConst.h */ = {isa = PBXFileReference; fileEncoding = 4; lastKnownFileType = sourcecode.c.h; path = MJConst.h; sourceTree = "<group>"; };
		0454496A1BA041540067C0F6 /* MJConst.m */ = {isa = PBXFileReference; fileEncoding = 4; lastKnownFileType = sourcecode.c.objc; path = MJConst.m; sourceTree = "<group>"; };
		0454496B1BA041540067C0F6 /* MJExtension.h */ = {isa = PBXFileReference; fileEncoding = 4; lastKnownFileType = sourcecode.c.h; path = MJExtension.h; sourceTree = "<group>"; };
		0454496C1BA041540067C0F6 /* MJFoundation.h */ = {isa = PBXFileReference; fileEncoding = 4; lastKnownFileType = sourcecode.c.h; path = MJFoundation.h; sourceTree = "<group>"; };
		0454496D1BA041540067C0F6 /* MJFoundation.m */ = {isa = PBXFileReference; fileEncoding = 4; lastKnownFileType = sourcecode.c.objc; path = MJFoundation.m; sourceTree = "<group>"; };
		0454496E1BA041540067C0F6 /* MJProperty.h */ = {isa = PBXFileReference; fileEncoding = 4; lastKnownFileType = sourcecode.c.h; path = MJProperty.h; sourceTree = "<group>"; };
		0454496F1BA041540067C0F6 /* MJProperty.m */ = {isa = PBXFileReference; fileEncoding = 4; lastKnownFileType = sourcecode.c.objc; path = MJProperty.m; sourceTree = "<group>"; };
		045449701BA041540067C0F6 /* MJType.h */ = {isa = PBXFileReference; fileEncoding = 4; lastKnownFileType = sourcecode.c.h; path = MJType.h; sourceTree = "<group>"; };
		045449711BA041540067C0F6 /* MJType.m */ = {isa = PBXFileReference; fileEncoding = 4; lastKnownFileType = sourcecode.c.objc; path = MJType.m; sourceTree = "<group>"; };
		045449721BA041540067C0F6 /* NSObject+MJCoding.h */ = {isa = PBXFileReference; fileEncoding = 4; lastKnownFileType = sourcecode.c.h; path = "NSObject+MJCoding.h"; sourceTree = "<group>"; };
		045449731BA041540067C0F6 /* NSObject+MJCoding.m */ = {isa = PBXFileReference; fileEncoding = 4; lastKnownFileType = sourcecode.c.objc; path = "NSObject+MJCoding.m"; sourceTree = "<group>"; };
		045449741BA041540067C0F6 /* NSObject+MJKeyValue.h */ = {isa = PBXFileReference; fileEncoding = 4; lastKnownFileType = sourcecode.c.h; path = "NSObject+MJKeyValue.h"; sourceTree = "<group>"; };
		045449751BA041540067C0F6 /* NSObject+MJKeyValue.m */ = {isa = PBXFileReference; fileEncoding = 4; lastKnownFileType = sourcecode.c.objc; path = "NSObject+MJKeyValue.m"; sourceTree = "<group>"; };
		045449761BA041540067C0F6 /* NSObject+MJProperty.h */ = {isa = PBXFileReference; fileEncoding = 4; lastKnownFileType = sourcecode.c.h; path = "NSObject+MJProperty.h"; sourceTree = "<group>"; };
		045449771BA041540067C0F6 /* NSObject+MJProperty.m */ = {isa = PBXFileReference; fileEncoding = 4; lastKnownFileType = sourcecode.c.objc; path = "NSObject+MJProperty.m"; sourceTree = "<group>"; };
		045449781BA041540067C0F6 /* NSString+MJExtension.h */ = {isa = PBXFileReference; fileEncoding = 4; lastKnownFileType = sourcecode.c.h; path = "NSString+MJExtension.h"; sourceTree = "<group>"; };
		045449791BA041540067C0F6 /* NSString+MJExtension.m */ = {isa = PBXFileReference; fileEncoding = 4; lastKnownFileType = sourcecode.c.objc; path = "NSString+MJExtension.m"; sourceTree = "<group>"; };
		045FF4FE1BA6A0DF00938124 /* pushTableViewCell.h */ = {isa = PBXFileReference; fileEncoding = 4; lastKnownFileType = sourcecode.c.h; path = pushTableViewCell.h; sourceTree = "<group>"; };
		045FF4FF1BA6A0DF00938124 /* pushTableViewCell.m */ = {isa = PBXFileReference; fileEncoding = 4; lastKnownFileType = sourcecode.c.objc; path = pushTableViewCell.m; sourceTree = "<group>"; };
		045FF5001BA6A0DF00938124 /* pushTableViewCell.xib */ = {isa = PBXFileReference; fileEncoding = 4; lastKnownFileType = file.xib; path = pushTableViewCell.xib; sourceTree = "<group>"; };
		045FF5041BA6A63C00938124 /* libUMessage_Sdk_1.1.0.a */ = {isa = PBXFileReference; lastKnownFileType = archive.ar; path = libUMessage_Sdk_1.1.0.a; sourceTree = "<group>"; };
		045FF5051BA6A63C00938124 /* UMessage.h */ = {isa = PBXFileReference; fileEncoding = 4; lastKnownFileType = sourcecode.c.h; path = UMessage.h; sourceTree = "<group>"; };
		046293331BA1884500741C3B /* ZYQAssetPicker.Bundle */ = {isa = PBXFileReference; lastKnownFileType = "wrapper.plug-in"; path = ZYQAssetPicker.Bundle; sourceTree = "<group>"; };
		046293341BA1884500741C3B /* ZYQAssetPickerController.h */ = {isa = PBXFileReference; fileEncoding = 4; lastKnownFileType = sourcecode.c.h; path = ZYQAssetPickerController.h; sourceTree = "<group>"; };
		046293351BA1884500741C3B /* ZYQAssetPickerController.m */ = {isa = PBXFileReference; fileEncoding = 4; lastKnownFileType = sourcecode.c.objc; path = ZYQAssetPickerController.m; sourceTree = "<group>"; };
		0468E01D1B9EEB28001BA58F /* KDConstants.h */ = {isa = PBXFileReference; fileEncoding = 4; lastKnownFileType = sourcecode.c.h; path = KDConstants.h; sourceTree = "<group>"; };
		0468E01E1B9EEB28001BA58F /* KDConstants.m */ = {isa = PBXFileReference; fileEncoding = 4; lastKnownFileType = sourcecode.c.objc; path = KDConstants.m; sourceTree = "<group>"; };
		046F8BD01B994716009EF427 /* KDteacher.pch */ = {isa = PBXFileReference; lastKnownFileType = sourcecode.c.h; path = KDteacher.pch; sourceTree = "<group>"; };
		046F8BD11B994735009EF427 /* MacroDefinition.h */ = {isa = PBXFileReference; fileEncoding = 4; lastKnownFileType = sourcecode.c.h; path = MacroDefinition.h; sourceTree = "<group>"; };
		04A60AAA1B9EBEB400AC61D5 /* AFHTTPRequestOperation.h */ = {isa = PBXFileReference; fileEncoding = 4; lastKnownFileType = sourcecode.c.h; path = AFHTTPRequestOperation.h; sourceTree = "<group>"; };
		04A60AAB1B9EBEB400AC61D5 /* AFHTTPRequestOperation.m */ = {isa = PBXFileReference; fileEncoding = 4; lastKnownFileType = sourcecode.c.objc; path = AFHTTPRequestOperation.m; sourceTree = "<group>"; };
		04A60AAC1B9EBEB400AC61D5 /* AFHTTPRequestOperationManager.h */ = {isa = PBXFileReference; fileEncoding = 4; lastKnownFileType = sourcecode.c.h; path = AFHTTPRequestOperationManager.h; sourceTree = "<group>"; };
		04A60AAD1B9EBEB400AC61D5 /* AFHTTPRequestOperationManager.m */ = {isa = PBXFileReference; fileEncoding = 4; lastKnownFileType = sourcecode.c.objc; path = AFHTTPRequestOperationManager.m; sourceTree = "<group>"; };
		04A60AAE1B9EBEB400AC61D5 /* AFHTTPSessionManager.h */ = {isa = PBXFileReference; fileEncoding = 4; lastKnownFileType = sourcecode.c.h; path = AFHTTPSessionManager.h; sourceTree = "<group>"; };
		04A60AAF1B9EBEB400AC61D5 /* AFHTTPSessionManager.m */ = {isa = PBXFileReference; fileEncoding = 4; lastKnownFileType = sourcecode.c.objc; path = AFHTTPSessionManager.m; sourceTree = "<group>"; };
		04A60AB01B9EBEB400AC61D5 /* AFNetworking.h */ = {isa = PBXFileReference; fileEncoding = 4; lastKnownFileType = sourcecode.c.h; path = AFNetworking.h; sourceTree = "<group>"; };
		04A60AB11B9EBEB400AC61D5 /* AFNetworkReachabilityManager.h */ = {isa = PBXFileReference; fileEncoding = 4; lastKnownFileType = sourcecode.c.h; path = AFNetworkReachabilityManager.h; sourceTree = "<group>"; };
		04A60AB21B9EBEB400AC61D5 /* AFNetworkReachabilityManager.m */ = {isa = PBXFileReference; fileEncoding = 4; lastKnownFileType = sourcecode.c.objc; path = AFNetworkReachabilityManager.m; sourceTree = "<group>"; };
		04A60AB31B9EBEB400AC61D5 /* AFSecurityPolicy.h */ = {isa = PBXFileReference; fileEncoding = 4; lastKnownFileType = sourcecode.c.h; path = AFSecurityPolicy.h; sourceTree = "<group>"; };
		04A60AB41B9EBEB400AC61D5 /* AFSecurityPolicy.m */ = {isa = PBXFileReference; fileEncoding = 4; lastKnownFileType = sourcecode.c.objc; path = AFSecurityPolicy.m; sourceTree = "<group>"; };
		04A60AB51B9EBEB400AC61D5 /* AFURLConnectionOperation.h */ = {isa = PBXFileReference; fileEncoding = 4; lastKnownFileType = sourcecode.c.h; path = AFURLConnectionOperation.h; sourceTree = "<group>"; };
		04A60AB61B9EBEB400AC61D5 /* AFURLConnectionOperation.m */ = {isa = PBXFileReference; fileEncoding = 4; lastKnownFileType = sourcecode.c.objc; path = AFURLConnectionOperation.m; sourceTree = "<group>"; };
		04A60AB71B9EBEB400AC61D5 /* AFURLRequestSerialization.h */ = {isa = PBXFileReference; fileEncoding = 4; lastKnownFileType = sourcecode.c.h; path = AFURLRequestSerialization.h; sourceTree = "<group>"; };
		04A60AB81B9EBEB400AC61D5 /* AFURLRequestSerialization.m */ = {isa = PBXFileReference; fileEncoding = 4; lastKnownFileType = sourcecode.c.objc; path = AFURLRequestSerialization.m; sourceTree = "<group>"; };
		04A60AB91B9EBEB400AC61D5 /* AFURLResponseSerialization.h */ = {isa = PBXFileReference; fileEncoding = 4; lastKnownFileType = sourcecode.c.h; path = AFURLResponseSerialization.h; sourceTree = "<group>"; };
		04A60ABA1B9EBEB400AC61D5 /* AFURLResponseSerialization.m */ = {isa = PBXFileReference; fileEncoding = 4; lastKnownFileType = sourcecode.c.objc; path = AFURLResponseSerialization.m; sourceTree = "<group>"; };
		04A60ABB1B9EBEB400AC61D5 /* AFURLSessionManager.h */ = {isa = PBXFileReference; fileEncoding = 4; lastKnownFileType = sourcecode.c.h; path = AFURLSessionManager.h; sourceTree = "<group>"; };
		04A60ABC1B9EBEB400AC61D5 /* AFURLSessionManager.m */ = {isa = PBXFileReference; fileEncoding = 4; lastKnownFileType = sourcecode.c.objc; path = AFURLSessionManager.m; sourceTree = "<group>"; };
		04A6ADF71B9447EC0001E58D /* setUpTableViewController.h */ = {isa = PBXFileReference; fileEncoding = 4; lastKnownFileType = sourcecode.c.h; path = setUpTableViewController.h; sourceTree = "<group>"; };
		04A6ADF81B9447EC0001E58D /* setUpTableViewController.m */ = {isa = PBXFileReference; fileEncoding = 4; lastKnownFileType = sourcecode.c.objc; path = setUpTableViewController.m; sourceTree = "<group>"; };
		04A6ADF91B9447EC0001E58D /* setUpTableViewController.xib */ = {isa = PBXFileReference; fileEncoding = 4; lastKnownFileType = file.xib; path = setUpTableViewController.xib; sourceTree = "<group>"; };
		04B2501D1B9552ED0041DB62 /* aboutUsViewController.h */ = {isa = PBXFileReference; fileEncoding = 4; lastKnownFileType = sourcecode.c.h; path = aboutUsViewController.h; sourceTree = "<group>"; };
		04B2501E1B9552ED0041DB62 /* aboutUsViewController.m */ = {isa = PBXFileReference; fileEncoding = 4; lastKnownFileType = sourcecode.c.objc; path = aboutUsViewController.m; sourceTree = "<group>"; };
		04B2501F1B9552ED0041DB62 /* aboutUsViewController.xib */ = {isa = PBXFileReference; fileEncoding = 4; lastKnownFileType = file.xib; path = aboutUsViewController.xib; sourceTree = "<group>"; };
		04B2502C1B958EE80041DB62 /* pushTableViewController.h */ = {isa = PBXFileReference; fileEncoding = 4; lastKnownFileType = sourcecode.c.h; path = pushTableViewController.h; sourceTree = "<group>"; };
		04B2502D1B958EE80041DB62 /* pushTableViewController.m */ = {isa = PBXFileReference; fileEncoding = 4; lastKnownFileType = sourcecode.c.objc; path = pushTableViewController.m; sourceTree = "<group>"; };
		04B2502E1B958EE80041DB62 /* pushTableViewController.xib */ = {isa = PBXFileReference; fileEncoding = 4; lastKnownFileType = file.xib; path = pushTableViewController.xib; sourceTree = "<group>"; };
		04B250311B959FBC0041DB62 /* feedBackViewController.h */ = {isa = PBXFileReference; fileEncoding = 4; lastKnownFileType = sourcecode.c.h; path = feedBackViewController.h; sourceTree = "<group>"; };
		04B250321B959FBC0041DB62 /* feedBackViewController.m */ = {isa = PBXFileReference; fileEncoding = 4; lastKnownFileType = sourcecode.c.objc; path = feedBackViewController.m; sourceTree = "<group>"; };
		04B250331B959FBC0041DB62 /* feedBackViewController.xib */ = {isa = PBXFileReference; fileEncoding = 4; lastKnownFileType = file.xib; path = feedBackViewController.xib; sourceTree = "<group>"; };
		04E8FE801B900DFF00119282 /* HomePageViewController.xib */ = {isa = PBXFileReference; fileEncoding = 4; lastKnownFileType = file.xib; path = HomePageViewController.xib; sourceTree = "<group>"; };
		04E8FE8A1B900DFF00119282 /* HomePageViewController.m */ = {isa = PBXFileReference; fileEncoding = 4; lastKnownFileType = sourcecode.c.objc; path = HomePageViewController.m; sourceTree = "<group>"; };
		04E8FE8B1B900DFF00119282 /* HomePageViewController.h */ = {isa = PBXFileReference; fileEncoding = 4; lastKnownFileType = sourcecode.c.h; path = HomePageViewController.h; sourceTree = "<group>"; };
		E73218D71B7C7CFA00B09F6B /* 问界互动家园.app */ = {isa = PBXFileReference; explicitFileType = wrapper.application; includeInIndex = 0; path = "问界互动家园.app"; sourceTree = BUILT_PRODUCTS_DIR; };
		E73218DB1B7C7CFA00B09F6B /* Info.plist */ = {isa = PBXFileReference; lastKnownFileType = text.plist.xml; path = Info.plist; sourceTree = "<group>"; };
		E73218DC1B7C7CFA00B09F6B /* main.m */ = {isa = PBXFileReference; lastKnownFileType = sourcecode.c.objc; path = main.m; sourceTree = "<group>"; };
		E73218DE1B7C7CFA00B09F6B /* AppDelegate.h */ = {isa = PBXFileReference; lastKnownFileType = sourcecode.c.h; path = AppDelegate.h; sourceTree = "<group>"; };
		E73218DF1B7C7CFA00B09F6B /* AppDelegate.m */ = {isa = PBXFileReference; lastKnownFileType = sourcecode.c.objc; path = AppDelegate.m; sourceTree = "<group>"; };
		E73218E71B7C7CFA00B09F6B /* Images.xcassets */ = {isa = PBXFileReference; lastKnownFileType = folder.assetcatalog; path = Images.xcassets; sourceTree = "<group>"; };
		E73218EA1B7C7CFA00B09F6B /* Base */ = {isa = PBXFileReference; lastKnownFileType = file.xib; name = Base; path = Base.lproj/LaunchScreen.xib; sourceTree = "<group>"; };
		E73218F01B7C7CFB00B09F6B /* KDteacherTests.xctest */ = {isa = PBXFileReference; explicitFileType = wrapper.cfbundle; includeInIndex = 0; path = KDteacherTests.xctest; sourceTree = BUILT_PRODUCTS_DIR; };
		E73218F51B7C7CFB00B09F6B /* Info.plist */ = {isa = PBXFileReference; lastKnownFileType = text.plist.xml; path = Info.plist; sourceTree = "<group>"; };
		E73218F61B7C7CFB00B09F6B /* KDteacherTests.m */ = {isa = PBXFileReference; lastKnownFileType = sourcecode.c.objc; path = KDteacherTests.m; sourceTree = "<group>"; };
		E75CA5E01B7CC93C00FF56CF /* libz.dylib */ = {isa = PBXFileReference; lastKnownFileType = "compiled.mach-o.dylib"; name = libz.dylib; path = usr/lib/libz.dylib; sourceTree = SDKROOT; };
		E75CA5E21B7CCE8000FF56CF /* libMobClickLibrary.a */ = {isa = PBXFileReference; lastKnownFileType = archive.ar; path = libMobClickLibrary.a; sourceTree = "<group>"; };
		E75CA5E31B7CCE8000FF56CF /* MobClick.h */ = {isa = PBXFileReference; fileEncoding = 4; lastKnownFileType = sourcecode.c.h; path = MobClick.h; sourceTree = "<group>"; };
		E75CA5E41B7CCE8000FF56CF /* MobClickSocialAnalytics.h */ = {isa = PBXFileReference; fileEncoding = 4; lastKnownFileType = sourcecode.c.h; path = MobClickSocialAnalytics.h; sourceTree = "<group>"; };
/* End PBXFileReference section */

/* Begin PBXFrameworksBuildPhase section */
		E73218D41B7C7CFA00B09F6B /* Frameworks */ = {
			isa = PBXFrameworksBuildPhase;
			buildActionMask = 2147483647;
			files = (
				040685F91BA8277E006AB926 /* Security.framework in Frameworks */,
				041CC2B61BA7F01A00D1CB51 /* libUMFeedback.a in Frameworks */,
				045FF5061BA6A63C00938124 /* libUMessage_Sdk_1.1.0.a in Frameworks */,
				041CC2C71BA7F01A00D1CB51 /* libUMOpus.a in Frameworks */,
				E75CA5E11B7CC93C00FF56CF /* libz.dylib in Frameworks */,
				E75CA5E51B7CCE8000FF56CF /* libMobClickLibrary.a in Frameworks */,
			);
			runOnlyForDeploymentPostprocessing = 0;
		};
		E73218ED1B7C7CFB00B09F6B /* Frameworks */ = {
			isa = PBXFrameworksBuildPhase;
			buildActionMask = 2147483647;
			files = (
			);
			runOnlyForDeploymentPostprocessing = 0;
		};
/* End PBXFrameworksBuildPhase section */

/* Begin PBXGroup section */
		040685ED1BA81AAF006AB926 /* KeyChain */ = {
			isa = PBXGroup;
			children = (
				040685EE1BA81B4A006AB926 /* FuniKeyChain.h */,
				040685EF1BA81B4A006AB926 /* FuniKeyChain.m */,
				040685F01BA81B4A006AB926 /* KeychainItemWrapper.h */,
				040685F11BA81B4A006AB926 /* KeychainItemWrapper.m */,
			);
			name = KeyChain;
			sourceTree = "<group>";
		};
		040685F41BA81E8E006AB926 /* SerVice */ = {
			isa = PBXGroup;
			children = (
				040685F51BA81EB3006AB926 /* KGHttpService.h */,
				040685F61BA81EB3006AB926 /* KGHttpService.m */,
			);
			name = SerVice;
			sourceTree = "<group>";
		};
		041CC28B1BA7F01A00D1CB51 /* UMengFeedback_SDK */ = {
			isa = PBXGroup;
			children = (
				041CC28C1BA7F01A00D1CB51 /* UMFeedbackLocalizable.strings */,
				041CC28E1BA7F01A00D1CB51 /* libUMFeedback.a */,
				041CC28F1BA7F01A00D1CB51 /* Resources */,
				041CC29F1BA7F01A00D1CB51 /* UMFeedback.h */,
				041CC2A01BA7F01A00D1CB51 /* UMFeedbackViewController.h */,
				041CC2A11BA7F01A00D1CB51 /* UMFeedbackViewController.m */,
				041CC2A21BA7F01A00D1CB51 /* UMOpenMacros.h */,
				041CC2A31BA7F01A00D1CB51 /* UMOpus */,
				041CC2A61BA7F01A00D1CB51 /* UMRecorder.h */,
				041CC2A71BA7F01A00D1CB51 /* Views */,
			);
			path = UMengFeedback_SDK;
			sourceTree = "<group>";
		};
		041CC28F1BA7F01A00D1CB51 /* Resources */ = {
			isa = PBXGroup;
			children = (
				041CC2901BA7F01A00D1CB51 /* bubble_min@2x.png */,
				041CC2911BA7F01A00D1CB51 /* cancel@2x.png */,
				041CC2921BA7F01A00D1CB51 /* microphone@2x.png */,
				041CC2931BA7F01A00D1CB51 /* save@2x.png */,
				041CC2941BA7F01A00D1CB51 /* ToolViewInputText@2x.png */,
				041CC2951BA7F01A00D1CB51 /* ToolViewInputTextHL@2x.png */,
				041CC2961BA7F01A00D1CB51 /* ToolViewInputVoice@2x.png */,
				041CC2971BA7F01A00D1CB51 /* ToolViewInputVoiceHL@2x.png */,
				041CC2981BA7F01A00D1CB51 /* umeng_add_photo@2x.png */,
				041CC2991BA7F01A00D1CB51 /* umeng_fb_audio_dialog_cancel@2x.png */,
				041CC29A1BA7F01A00D1CB51 /* umeng_fb_audio_dialog_content@2x.png */,
				041CC29B1BA7F01A00D1CB51 /* umeng_fb_audio_play_01@2x.png */,
				041CC29C1BA7F01A00D1CB51 /* umeng_fb_audio_play_02@2x.png */,
				041CC29D1BA7F01A00D1CB51 /* umeng_fb_audio_play_03@2x.png */,
				041CC29E1BA7F01A00D1CB51 /* umeng_fb_audio_play_default@2x.png */,
			);
			path = Resources;
			sourceTree = "<group>";
		};
		041CC2A31BA7F01A00D1CB51 /* UMOpus */ = {
			isa = PBXGroup;
			children = (
				041CC2A41BA7F01A00D1CB51 /* libUMOpus.a */,
				041CC2A51BA7F01A00D1CB51 /* UMOpus.h */,
			);
			path = UMOpus;
			sourceTree = "<group>";
		};
		041CC2A71BA7F01A00D1CB51 /* Views */ = {
			isa = PBXGroup;
			children = (
				041CC2A81BA7F01A00D1CB51 /* UMChatTableViewCell.h */,
				041CC2A91BA7F01A00D1CB51 /* UMChatTableViewCell.m */,
				041CC2AA1BA7F01A00D1CB51 /* UMChatToolBar.h */,
				041CC2AB1BA7F01A00D1CB51 /* UMChatToolBar.m */,
				041CC2AC1BA7F01A00D1CB51 /* UMFullScreenPhotoView.h */,
				041CC2AD1BA7F01A00D1CB51 /* UMFullScreenPhotoView.m */,
				041CC2AE1BA7F01A00D1CB51 /* UMPostTableViewCell.h */,
				041CC2AF1BA7F01A00D1CB51 /* UMPostTableViewCell.m */,
				041CC2B01BA7F01A00D1CB51 /* UMRadialView.h */,
				041CC2B11BA7F01A00D1CB51 /* UMRadialView.m */,
				041CC2B21BA7F01A00D1CB51 /* UMTextView.h */,
				041CC2B31BA7F01A00D1CB51 /* UMTextView.m */,
			);
			path = Views;
			sourceTree = "<group>";
		};
		0454495E1BA03A330067C0F6 /* model */ = {
			isa = PBXGroup;
			children = (
				0454495F1BA03A5A0067C0F6 /* UtilMethod.h */,
				045449601BA03A5A0067C0F6 /* UtilMethod.m */,
				045449621BA03F010067C0F6 /* KGBaseDomain.h */,
				045449631BA03F010067C0F6 /* KGBaseDomain.m */,
				045449651BA03FA20067C0F6 /* ResMsgDomain.h */,
				045449661BA03FA20067C0F6 /* ResMsgDomain.m */,
			);
			name = model;
			sourceTree = "<group>";
		};
		045449681BA041240067C0F6 /* MJExtension */ = {
			isa = PBXGroup;
			children = (
				045449691BA041540067C0F6 /* MJConst.h */,
				0454496A1BA041540067C0F6 /* MJConst.m */,
				0454496B1BA041540067C0F6 /* MJExtension.h */,
				0454496C1BA041540067C0F6 /* MJFoundation.h */,
				0454496D1BA041540067C0F6 /* MJFoundation.m */,
				0454496E1BA041540067C0F6 /* MJProperty.h */,
				0454496F1BA041540067C0F6 /* MJProperty.m */,
				045449701BA041540067C0F6 /* MJType.h */,
				045449711BA041540067C0F6 /* MJType.m */,
				045449721BA041540067C0F6 /* NSObject+MJCoding.h */,
				045449731BA041540067C0F6 /* NSObject+MJCoding.m */,
				045449741BA041540067C0F6 /* NSObject+MJKeyValue.h */,
				045449751BA041540067C0F6 /* NSObject+MJKeyValue.m */,
				045449761BA041540067C0F6 /* NSObject+MJProperty.h */,
				045449771BA041540067C0F6 /* NSObject+MJProperty.m */,
				045449781BA041540067C0F6 /* NSString+MJExtension.h */,
				045449791BA041540067C0F6 /* NSString+MJExtension.m */,
			);
			name = MJExtension;
			sourceTree = "<group>";
		};
		045FF5031BA6A61B00938124 /* Umessage_SDK */ = {
			isa = PBXGroup;
			children = (
				045FF5041BA6A63C00938124 /* libUMessage_Sdk_1.1.0.a */,
				045FF5051BA6A63C00938124 /* UMessage.h */,
			);
			name = Umessage_SDK;
			sourceTree = "<group>";
		};
		0462932D1BA15AC600741C3B /* ZYQAssetPickerController */ = {
			isa = PBXGroup;
			children = (
				046293331BA1884500741C3B /* ZYQAssetPicker.Bundle */,
				046293341BA1884500741C3B /* ZYQAssetPickerController.h */,
				046293351BA1884500741C3B /* ZYQAssetPickerController.m */,
			);
			name = ZYQAssetPickerController;
			sourceTree = "<group>";
		};
		046293381BA188E700741C3B /* KDProject */ = {
			isa = PBXGroup;
			children = (
				E73218D91B7C7CFA00B09F6B /* KDteacher */,
			);
			name = KDProject;
			sourceTree = "<group>";
		};
		04A60AA91B9EBE8F00AC61D5 /* AFNETWording */ = {
			isa = PBXGroup;
			children = (
				04A60AAA1B9EBEB400AC61D5 /* AFHTTPRequestOperation.h */,
				04A60AAB1B9EBEB400AC61D5 /* AFHTTPRequestOperation.m */,
				04A60AAC1B9EBEB400AC61D5 /* AFHTTPRequestOperationManager.h */,
				04A60AAD1B9EBEB400AC61D5 /* AFHTTPRequestOperationManager.m */,
				04A60AAE1B9EBEB400AC61D5 /* AFHTTPSessionManager.h */,
				04A60AAF1B9EBEB400AC61D5 /* AFHTTPSessionManager.m */,
				04A60AB01B9EBEB400AC61D5 /* AFNetworking.h */,
				04A60AB11B9EBEB400AC61D5 /* AFNetworkReachabilityManager.h */,
				04A60AB21B9EBEB400AC61D5 /* AFNetworkReachabilityManager.m */,
				04A60AB31B9EBEB400AC61D5 /* AFSecurityPolicy.h */,
				04A60AB41B9EBEB400AC61D5 /* AFSecurityPolicy.m */,
				04A60AB51B9EBEB400AC61D5 /* AFURLConnectionOperation.h */,
				04A60AB61B9EBEB400AC61D5 /* AFURLConnectionOperation.m */,
				04A60AB71B9EBEB400AC61D5 /* AFURLRequestSerialization.h */,
				04A60AB81B9EBEB400AC61D5 /* AFURLRequestSerialization.m */,
				04A60AB91B9EBEB400AC61D5 /* AFURLResponseSerialization.h */,
				04A60ABA1B9EBEB400AC61D5 /* AFURLResponseSerialization.m */,
				04A60ABB1B9EBEB400AC61D5 /* AFURLSessionManager.h */,
				04A60ABC1B9EBEB400AC61D5 /* AFURLSessionManager.m */,
			);
			name = AFNETWording;
			sourceTree = "<group>";
		};
		04B2501C1B9552C80041DB62 /* FrameWorks */ = {
			isa = PBXGroup;
			children = (
				040685ED1BA81AAF006AB926 /* KeyChain */,
				041CC28B1BA7F01A00D1CB51 /* UMengFeedback_SDK */,
				045FF5031BA6A61B00938124 /* Umessage_SDK */,
				0462932D1BA15AC600741C3B /* ZYQAssetPickerController */,
				045449681BA041240067C0F6 /* MJExtension */,
				04A60AA91B9EBE8F00AC61D5 /* AFNETWording */,
				04B2501D1B9552ED0041DB62 /* aboutUsViewController.h */,
				04B2501E1B9552ED0041DB62 /* aboutUsViewController.m */,
				04B2501F1B9552ED0041DB62 /* aboutUsViewController.xib */,
				04B2502C1B958EE80041DB62 /* pushTableViewController.h */,
				04B2502D1B958EE80041DB62 /* pushTableViewController.m */,
				04B2502E1B958EE80041DB62 /* pushTableViewController.xib */,
				045FF4FE1BA6A0DF00938124 /* pushTableViewCell.h */,
				045FF4FF1BA6A0DF00938124 /* pushTableViewCell.m */,
				045FF5001BA6A0DF00938124 /* pushTableViewCell.xib */,
				04B250311B959FBC0041DB62 /* feedBackViewController.h */,
				04B250321B959FBC0041DB62 /* feedBackViewController.m */,
				04B250331B959FBC0041DB62 /* feedBackViewController.xib */,
			);
			name = FrameWorks;
			sourceTree = "<group>";
		};
		04E8FE7F1B900DBD00119282 /* TabBar */ = {
			isa = PBXGroup;
			children = (
				0454495E1BA03A330067C0F6 /* model */,
				0468E01E1B9EEB28001BA58F /* KDConstants.m */,
				0468E01D1B9EEB28001BA58F /* KDConstants.h */,
				04E8FE801B900DFF00119282 /* HomePageViewController.xib */,
				04E8FE8A1B900DFF00119282 /* HomePageViewController.m */,
				04E8FE8B1B900DFF00119282 /* HomePageViewController.h */,
				04A6ADF71B9447EC0001E58D /* setUpTableViewController.h */,
				04A6ADF81B9447EC0001E58D /* setUpTableViewController.m */,
				04A6ADF91B9447EC0001E58D /* setUpTableViewController.xib */,
			);
			name = TabBar;
			sourceTree = "<group>";
		};
		E73218CE1B7C7CFA00B09F6B = {
			isa = PBXGroup;
			children = (
				040685F81BA8277E006AB926 /* Security.framework */,
				E75CA5E01B7CC93C00FF56CF /* libz.dylib */,
				046293381BA188E700741C3B /* KDProject */,
				E73218F31B7C7CFB00B09F6B /* KDteacherTests */,
				E73218D81B7C7CFA00B09F6B /* Products */,
			);
			sourceTree = "<group>";
		};
		E73218D81B7C7CFA00B09F6B /* Products */ = {
			isa = PBXGroup;
			children = (
				E73218D71B7C7CFA00B09F6B /* 问界互动家园.app */,
				E73218F01B7C7CFB00B09F6B /* KDteacherTests.xctest */,
			);
			name = Products;
			sourceTree = "<group>";
		};
		E73218D91B7C7CFA00B09F6B /* KDteacher */ = {
			isa = PBXGroup;
			children = (
				040685F41BA81E8E006AB926 /* SerVice */,
				04B2501C1B9552C80041DB62 /* FrameWorks */,
				04E8FE7F1B900DBD00119282 /* TabBar */,
				E75CA5E21B7CCE8000FF56CF /* libMobClickLibrary.a */,
				E75CA5E31B7CCE8000FF56CF /* MobClick.h */,
				E75CA5E41B7CCE8000FF56CF /* MobClickSocialAnalytics.h */,
				E73218DE1B7C7CFA00B09F6B /* AppDelegate.h */,
				E73218DF1B7C7CFA00B09F6B /* AppDelegate.m */,
				E73218E71B7C7CFA00B09F6B /* Images.xcassets */,
				E73218E91B7C7CFA00B09F6B /* LaunchScreen.xib */,
				E73218DA1B7C7CFA00B09F6B /* Supporting Files */,
			);
			path = KDteacher;
			sourceTree = "<group>";
		};
		E73218DA1B7C7CFA00B09F6B /* Supporting Files */ = {
			isa = PBXGroup;
			children = (
				046F8BD11B994735009EF427 /* MacroDefinition.h */,
				E73218DB1B7C7CFA00B09F6B /* Info.plist */,
				E73218DC1B7C7CFA00B09F6B /* main.m */,
				046F8BD01B994716009EF427 /* KDteacher.pch */,
			);
			name = "Supporting Files";
			sourceTree = "<group>";
		};
		E73218F31B7C7CFB00B09F6B /* KDteacherTests */ = {
			isa = PBXGroup;
			children = (
				E73218F61B7C7CFB00B09F6B /* KDteacherTests.m */,
				E73218F41B7C7CFB00B09F6B /* Supporting Files */,
			);
			path = KDteacherTests;
			sourceTree = "<group>";
		};
		E73218F41B7C7CFB00B09F6B /* Supporting Files */ = {
			isa = PBXGroup;
			children = (
				E73218F51B7C7CFB00B09F6B /* Info.plist */,
			);
			name = "Supporting Files";
			sourceTree = "<group>";
		};
/* End PBXGroup section */

/* Begin PBXNativeTarget section */
		E73218D61B7C7CFA00B09F6B /* KDteacher */ = {
			isa = PBXNativeTarget;
			buildConfigurationList = E73218FA1B7C7CFB00B09F6B /* Build configuration list for PBXNativeTarget "KDteacher" */;
			buildPhases = (
				E73218D31B7C7CFA00B09F6B /* Sources */,
				E73218D41B7C7CFA00B09F6B /* Frameworks */,
				E73218D51B7C7CFA00B09F6B /* Resources */,
			);
			buildRules = (
			);
			dependencies = (
			);
			name = KDteacher;
			productName = KDteacher;
			productReference = E73218D71B7C7CFA00B09F6B /* 问界互动家园.app */;
			productType = "com.apple.product-type.application";
		};
		E73218EF1B7C7CFB00B09F6B /* KDteacherTests */ = {
			isa = PBXNativeTarget;
			buildConfigurationList = E73218FD1B7C7CFB00B09F6B /* Build configuration list for PBXNativeTarget "KDteacherTests" */;
			buildPhases = (
				E73218EC1B7C7CFB00B09F6B /* Sources */,
				E73218ED1B7C7CFB00B09F6B /* Frameworks */,
				E73218EE1B7C7CFB00B09F6B /* Resources */,
			);
			buildRules = (
			);
			dependencies = (
				E73218F21B7C7CFB00B09F6B /* PBXTargetDependency */,
			);
			name = KDteacherTests;
			productName = KDteacherTests;
			productReference = E73218F01B7C7CFB00B09F6B /* KDteacherTests.xctest */;
			productType = "com.apple.product-type.bundle.unit-test";
		};
/* End PBXNativeTarget section */

/* Begin PBXProject section */
		E73218CF1B7C7CFA00B09F6B /* Project object */ = {
			isa = PBXProject;
			attributes = {
				LastUpgradeCheck = 0640;
				ORGANIZATIONNAME = liumingquan;
				TargetAttributes = {
					E73218D61B7C7CFA00B09F6B = {
						CreatedOnToolsVersion = 6.4;
						DevelopmentTeam = M5PP646L93;
					};
					E73218EF1B7C7CFB00B09F6B = {
						CreatedOnToolsVersion = 6.4;
						TestTargetID = E73218D61B7C7CFA00B09F6B;
					};
				};
			};
			buildConfigurationList = E73218D21B7C7CFA00B09F6B /* Build configuration list for PBXProject "KDteacher" */;
			compatibilityVersion = "Xcode 3.2";
			developmentRegion = English;
			hasScannedForEncodings = 0;
			knownRegions = (
				en,
				Base,
				"zh-Hans",
			);
			mainGroup = E73218CE1B7C7CFA00B09F6B;
			productRefGroup = E73218D81B7C7CFA00B09F6B /* Products */;
			projectDirPath = "";
			projectRoot = "";
			targets = (
				E73218D61B7C7CFA00B09F6B /* KDteacher */,
				E73218EF1B7C7CFB00B09F6B /* KDteacherTests */,
			);
		};
/* End PBXProject section */

/* Begin PBXResourcesBuildPhase section */
		E73218D51B7C7CFA00B09F6B /* Resources */ = {
			isa = PBXResourcesBuildPhase;
			buildActionMask = 2147483647;
			files = (
				041CC2BB1BA7F01A00D1CB51 /* ToolViewInputText@2x.png in Resources */,
				04E8FE8C1B900DFF00119282 /* HomePageViewController.xib in Resources */,
				04B250211B9552ED0041DB62 /* aboutUsViewController.xib in Resources */,
				04A6ADFB1B9447EC0001E58D /* setUpTableViewController.xib in Resources */,
				041CC2B71BA7F01A00D1CB51 /* bubble_min@2x.png in Resources */,
				041CC2C41BA7F01A00D1CB51 /* umeng_fb_audio_play_03@2x.png in Resources */,
				041CC2B81BA7F01A00D1CB51 /* cancel@2x.png in Resources */,
				041CC2C31BA7F01A00D1CB51 /* umeng_fb_audio_play_02@2x.png in Resources */,
				041CC2B91BA7F01A00D1CB51 /* microphone@2x.png in Resources */,
				E73218EB1B7C7CFA00B09F6B /* LaunchScreen.xib in Resources */,
				E73218E81B7C7CFA00B09F6B /* Images.xcassets in Resources */,
				041CC2C21BA7F01A00D1CB51 /* umeng_fb_audio_play_01@2x.png in Resources */,
				041CC2BD1BA7F01A00D1CB51 /* ToolViewInputVoice@2x.png in Resources */,
				041CC2C11BA7F01A00D1CB51 /* umeng_fb_audio_dialog_content@2x.png in Resources */,
				041CC2BC1BA7F01A00D1CB51 /* ToolViewInputTextHL@2x.png in Resources */,
				04B250301B958EE80041DB62 /* pushTableViewController.xib in Resources */,
				041CC2BA1BA7F01A00D1CB51 /* save@2x.png in Resources */,
				041CC2B51BA7F01A00D1CB51 /* UMFeedbackLocalizable.strings in Resources */,
				041CC2C51BA7F01A00D1CB51 /* umeng_fb_audio_play_default@2x.png in Resources */,
				04B250351B959FBC0041DB62 /* feedBackViewController.xib in Resources */,
				041CC2BF1BA7F01A00D1CB51 /* umeng_add_photo@2x.png in Resources */,
				041CC2C01BA7F01A00D1CB51 /* umeng_fb_audio_dialog_cancel@2x.png in Resources */,
				045FF5021BA6A0DF00938124 /* pushTableViewCell.xib in Resources */,
				046293361BA1884500741C3B /* ZYQAssetPicker.Bundle in Resources */,
				041CC2BE1BA7F01A00D1CB51 /* ToolViewInputVoiceHL@2x.png in Resources */,
			);
			runOnlyForDeploymentPostprocessing = 0;
		};
		E73218EE1B7C7CFB00B09F6B /* Resources */ = {
			isa = PBXResourcesBuildPhase;
			buildActionMask = 2147483647;
			files = (
			);
			runOnlyForDeploymentPostprocessing = 0;
		};
/* End PBXResourcesBuildPhase section */

/* Begin PBXSourcesBuildPhase section */
		E73218D31B7C7CFA00B09F6B /* Sources */ = {
			isa = PBXSourcesBuildPhase;
			buildActionMask = 2147483647;
			files = (
				046293371BA1884500741C3B /* ZYQAssetPickerController.m in Sources */,
				045FF5011BA6A0DF00938124 /* pushTableViewCell.m in Sources */,
				0468E01F1B9EEB28001BA58F /* KDConstants.m in Sources */,
				0454497B1BA041540067C0F6 /* MJFoundation.m in Sources */,
				0454497F1BA041540067C0F6 /* NSObject+MJKeyValue.m in Sources */,
				04A60AC21B9EBEB400AC61D5 /* AFURLConnectionOperation.m in Sources */,
				041CC2CA1BA7F01A00D1CB51 /* UMFullScreenPhotoView.m in Sources */,
				041CC2CC1BA7F01A00D1CB51 /* UMRadialView.m in Sources */,
				E73218E01B7C7CFA00B09F6B /* AppDelegate.m in Sources */,
				0454497D1BA041540067C0F6 /* MJType.m in Sources */,
				04A6ADFA1B9447EC0001E58D /* setUpTableViewController.m in Sources */,
				04B250341B959FBC0041DB62 /* feedBackViewController.m in Sources */,
				04A60AC41B9EBEB400AC61D5 /* AFURLResponseSerialization.m in Sources */,
				045449671BA03FA20067C0F6 /* ResMsgDomain.m in Sources */,
				040685F31BA81B4A006AB926 /* KeychainItemWrapper.m in Sources */,
				04E8FE931B900DFF00119282 /* HomePageViewController.m in Sources */,
				041CC2CB1BA7F01A00D1CB51 /* UMPostTableViewCell.m in Sources */,
				04A60AC31B9EBEB400AC61D5 /* AFURLRequestSerialization.m in Sources */,
				04A60AC11B9EBEB400AC61D5 /* AFSecurityPolicy.m in Sources */,
				04A60ABD1B9EBEB400AC61D5 /* AFHTTPRequestOperation.m in Sources */,
				04A60AC51B9EBEB400AC61D5 /* AFURLSessionManager.m in Sources */,
				0454497E1BA041540067C0F6 /* NSObject+MJCoding.m in Sources */,
				045449641BA03F010067C0F6 /* KGBaseDomain.m in Sources */,
				04B250201B9552ED0041DB62 /* aboutUsViewController.m in Sources */,
				E73218DD1B7C7CFA00B09F6B /* main.m in Sources */,
				041CC2C81BA7F01A00D1CB51 /* UMChatTableViewCell.m in Sources */,
				041CC2CD1BA7F01A00D1CB51 /* UMTextView.m in Sources */,
				045449801BA041540067C0F6 /* NSObject+MJProperty.m in Sources */,
				041CC2C91BA7F01A00D1CB51 /* UMChatToolBar.m in Sources */,
				04A60ABF1B9EBEB400AC61D5 /* AFHTTPSessionManager.m in Sources */,
				0454497C1BA041540067C0F6 /* MJProperty.m in Sources */,
				041CC2C61BA7F01A00D1CB51 /* UMFeedbackViewController.m in Sources */,
				0454497A1BA041540067C0F6 /* MJConst.m in Sources */,
				045449611BA03A5A0067C0F6 /* UtilMethod.m in Sources */,
				040685F21BA81B4A006AB926 /* FuniKeyChain.m in Sources */,
				045449811BA041540067C0F6 /* NSString+MJExtension.m in Sources */,
				04B2502F1B958EE80041DB62 /* pushTableViewController.m in Sources */,
				040685F71BA81EB3006AB926 /* KGHttpService.m in Sources */,
				04A60AC01B9EBEB400AC61D5 /* AFNetworkReachabilityManager.m in Sources */,
				04A60ABE1B9EBEB400AC61D5 /* AFHTTPRequestOperationManager.m in Sources */,
			);
			runOnlyForDeploymentPostprocessing = 0;
		};
		E73218EC1B7C7CFB00B09F6B /* Sources */ = {
			isa = PBXSourcesBuildPhase;
			buildActionMask = 2147483647;
			files = (
			);
			runOnlyForDeploymentPostprocessing = 0;
		};
/* End PBXSourcesBuildPhase section */

/* Begin PBXTargetDependency section */
		E73218F21B7C7CFB00B09F6B /* PBXTargetDependency */ = {
			isa = PBXTargetDependency;
			target = E73218D61B7C7CFA00B09F6B /* KDteacher */;
			targetProxy = E73218F11B7C7CFB00B09F6B /* PBXContainerItemProxy */;
		};
/* End PBXTargetDependency section */

/* Begin PBXVariantGroup section */
		041CC28C1BA7F01A00D1CB51 /* UMFeedbackLocalizable.strings */ = {
			isa = PBXVariantGroup;
			children = (
				041CC28D1BA7F01A00D1CB51 /* Base */,
				041CC2B41BA7F01A00D1CB51 /* zh-Hans */,
			);
			name = UMFeedbackLocalizable.strings;
			sourceTree = "<group>";
		};
		E73218E91B7C7CFA00B09F6B /* LaunchScreen.xib */ = {
			isa = PBXVariantGroup;
			children = (
				E73218EA1B7C7CFA00B09F6B /* Base */,
			);
			name = LaunchScreen.xib;
			sourceTree = "<group>";
		};
/* End PBXVariantGroup section */

/* Begin XCBuildConfiguration section */
		E73218F81B7C7CFB00B09F6B /* Debug */ = {
			isa = XCBuildConfiguration;
			buildSettings = {
				ALWAYS_SEARCH_USER_PATHS = NO;
				CLANG_CXX_LANGUAGE_STANDARD = "gnu++0x";
				CLANG_CXX_LIBRARY = "libc++";
				CLANG_ENABLE_MODULES = YES;
				CLANG_ENABLE_OBJC_ARC = YES;
				CLANG_WARN_BOOL_CONVERSION = YES;
				CLANG_WARN_CONSTANT_CONVERSION = YES;
				CLANG_WARN_DIRECT_OBJC_ISA_USAGE = YES_ERROR;
				CLANG_WARN_EMPTY_BODY = YES;
				CLANG_WARN_ENUM_CONVERSION = YES;
				CLANG_WARN_INT_CONVERSION = YES;
				CLANG_WARN_OBJC_ROOT_CLASS = YES_ERROR;
				CLANG_WARN_UNREACHABLE_CODE = YES;
				CLANG_WARN__DUPLICATE_METHOD_MATCH = YES;
				"CODE_SIGN_IDENTITY[sdk=iphoneos*]" = "iPhone Developer";
				COPY_PHASE_STRIP = NO;
				DEBUG_INFORMATION_FORMAT = "dwarf-with-dsym";
				ENABLE_STRICT_OBJC_MSGSEND = YES;
				GCC_C_LANGUAGE_STANDARD = gnu99;
				GCC_DYNAMIC_NO_PIC = NO;
				GCC_NO_COMMON_BLOCKS = YES;
				GCC_OPTIMIZATION_LEVEL = 0;
				GCC_PREPROCESSOR_DEFINITIONS = (
					"DEBUG=1",
					"$(inherited)",
				);
				GCC_SYMBOLS_PRIVATE_EXTERN = NO;
				GCC_WARN_64_TO_32_BIT_CONVERSION = YES;
				GCC_WARN_ABOUT_RETURN_TYPE = YES_ERROR;
				GCC_WARN_UNDECLARED_SELECTOR = YES;
				GCC_WARN_UNINITIALIZED_AUTOS = YES_AGGRESSIVE;
				GCC_WARN_UNUSED_FUNCTION = YES;
				GCC_WARN_UNUSED_VARIABLE = YES;
				IPHONEOS_DEPLOYMENT_TARGET = 7.0;
				MTL_ENABLE_DEBUG_INFO = YES;
				ONLY_ACTIVE_ARCH = YES;
				SDKROOT = iphoneos;
			};
			name = Debug;
		};
		E73218F91B7C7CFB00B09F6B /* Release */ = {
			isa = XCBuildConfiguration;
			buildSettings = {
				ALWAYS_SEARCH_USER_PATHS = NO;
				CLANG_CXX_LANGUAGE_STANDARD = "gnu++0x";
				CLANG_CXX_LIBRARY = "libc++";
				CLANG_ENABLE_MODULES = YES;
				CLANG_ENABLE_OBJC_ARC = YES;
				CLANG_WARN_BOOL_CONVERSION = YES;
				CLANG_WARN_CONSTANT_CONVERSION = YES;
				CLANG_WARN_DIRECT_OBJC_ISA_USAGE = YES_ERROR;
				CLANG_WARN_EMPTY_BODY = YES;
				CLANG_WARN_ENUM_CONVERSION = YES;
				CLANG_WARN_INT_CONVERSION = YES;
				CLANG_WARN_OBJC_ROOT_CLASS = YES_ERROR;
				CLANG_WARN_UNREACHABLE_CODE = YES;
				CLANG_WARN__DUPLICATE_METHOD_MATCH = YES;
				"CODE_SIGN_IDENTITY[sdk=iphoneos*]" = "iPhone Developer";
				COPY_PHASE_STRIP = NO;
				DEBUG_INFORMATION_FORMAT = "dwarf-with-dsym";
				ENABLE_NS_ASSERTIONS = NO;
				ENABLE_STRICT_OBJC_MSGSEND = YES;
				GCC_C_LANGUAGE_STANDARD = gnu99;
				GCC_NO_COMMON_BLOCKS = YES;
				GCC_WARN_64_TO_32_BIT_CONVERSION = YES;
				GCC_WARN_ABOUT_RETURN_TYPE = YES_ERROR;
				GCC_WARN_UNDECLARED_SELECTOR = YES;
				GCC_WARN_UNINITIALIZED_AUTOS = YES_AGGRESSIVE;
				GCC_WARN_UNUSED_FUNCTION = YES;
				GCC_WARN_UNUSED_VARIABLE = YES;
				IPHONEOS_DEPLOYMENT_TARGET = 7.0;
				MTL_ENABLE_DEBUG_INFO = NO;
				SDKROOT = iphoneos;
				VALIDATE_PRODUCT = YES;
			};
			name = Release;
		};
		E73218FB1B7C7CFB00B09F6B /* Debug */ = {
			isa = XCBuildConfiguration;
			buildSettings = {
				ASSETCATALOG_COMPILER_APPICON_NAME = AppIcon;
				ASSETCATALOG_COMPILER_LAUNCHIMAGE_NAME = "LaunchImage-2";
				CODE_SIGN_IDENTITY = "iPhone Developer";
				"CODE_SIGN_IDENTITY[sdk=iphoneos*]" = "iPhone Distribution: Chengdu WenJie Technology Co., Ltd. (M5PP646L93)";
				GCC_PREFIX_HEADER = "$(SRCROOT)/KDteacher/KDteacher.pch";
				INFOPLIST_FILE = KDteacher/Info.plist;
				IPHONEOS_DEPLOYMENT_TARGET = 7.0;
				LD_RUNPATH_SEARCH_PATHS = "$(inherited) @executable_path/Frameworks";
				LIBRARY_SEARCH_PATHS = (
					"$(inherited)",
					"$(PROJECT_DIR)/KDteacher",
					"$(PROJECT_DIR)/KDteacher/UMengFeedback_SDK",
					"$(PROJECT_DIR)/KDteacher/UMengFeedback_SDK/UMOpus",
				);
				PRODUCT_NAME = "问界互动家园";
				PROVISIONING_PROFILE = "66ac4ccb-0ec7-41c5-9a0c-505a8ca5e95c";
				TARGETED_DEVICE_FAMILY = 1;
			};
			name = Debug;
		};
		E73218FC1B7C7CFB00B09F6B /* Release */ = {
			isa = XCBuildConfiguration;
			buildSettings = {
				ASSETCATALOG_COMPILER_APPICON_NAME = AppIcon;
				ASSETCATALOG_COMPILER_LAUNCHIMAGE_NAME = "LaunchImage-2";
				CODE_SIGN_IDENTITY = "iPhone Developer";
				"CODE_SIGN_IDENTITY[sdk=iphoneos*]" = "iPhone Distribution: Chengdu WenJie Technology Co., Ltd. (M5PP646L93)";
				GCC_PREFIX_HEADER = "$(SRCROOT)/KDteacher/KDteacher.pch";
				INFOPLIST_FILE = KDteacher/Info.plist;
				IPHONEOS_DEPLOYMENT_TARGET = 7.0;
				LD_RUNPATH_SEARCH_PATHS = "$(inherited) @executable_path/Frameworks";
				LIBRARY_SEARCH_PATHS = (
					"$(inherited)",
					"$(PROJECT_DIR)/KDteacher",
					"$(PROJECT_DIR)/KDteacher/UMengFeedback_SDK",
					"$(PROJECT_DIR)/KDteacher/UMengFeedback_SDK/UMOpus",
				);
				PRODUCT_NAME = "问界互动家园";
				PROVISIONING_PROFILE = "66ac4ccb-0ec7-41c5-9a0c-505a8ca5e95c";
				TARGETED_DEVICE_FAMILY = 1;
			};
			name = Release;
		};
		E73218FE1B7C7CFB00B09F6B /* Debug */ = {
			isa = XCBuildConfiguration;
			buildSettings = {
				BUNDLE_LOADER = "$(TEST_HOST)";
				FRAMEWORK_SEARCH_PATHS = (
					"$(SDKROOT)/Developer/Library/Frameworks",
					"$(inherited)",
				);
				GCC_PREPROCESSOR_DEFINITIONS = (
					"DEBUG=1",
					"$(inherited)",
				);
				INFOPLIST_FILE = KDteacherTests/Info.plist;
				LD_RUNPATH_SEARCH_PATHS = "$(inherited) @executable_path/Frameworks @loader_path/Frameworks";
				PRODUCT_NAME = "$(TARGET_NAME)";
				TEST_HOST = "$(BUILT_PRODUCTS_DIR)/KDteacher.app/KDteacher";
			};
			name = Debug;
		};
		E73218FF1B7C7CFB00B09F6B /* Release */ = {
			isa = XCBuildConfiguration;
			buildSettings = {
				BUNDLE_LOADER = "$(TEST_HOST)";
				FRAMEWORK_SEARCH_PATHS = (
					"$(SDKROOT)/Developer/Library/Frameworks",
					"$(inherited)",
				);
				INFOPLIST_FILE = KDteacherTests/Info.plist;
				LD_RUNPATH_SEARCH_PATHS = "$(inherited) @executable_path/Frameworks @loader_path/Frameworks";
				PRODUCT_NAME = "$(TARGET_NAME)";
				TEST_HOST = "$(BUILT_PRODUCTS_DIR)/KDteacher.app/KDteacher";
			};
			name = Release;
		};
/* End XCBuildConfiguration section */

/* Begin XCConfigurationList section */
		E73218D21B7C7CFA00B09F6B /* Build configuration list for PBXProject "KDteacher" */ = {
			isa = XCConfigurationList;
			buildConfigurations = (
				E73218F81B7C7CFB00B09F6B /* Debug */,
				E73218F91B7C7CFB00B09F6B /* Release */,
			);
			defaultConfigurationIsVisible = 0;
			defaultConfigurationName = Release;
		};
		E73218FA1B7C7CFB00B09F6B /* Build configuration list for PBXNativeTarget "KDteacher" */ = {
			isa = XCConfigurationList;
			buildConfigurations = (
				E73218FB1B7C7CFB00B09F6B /* Debug */,
				E73218FC1B7C7CFB00B09F6B /* Release */,
			);
			defaultConfigurationIsVisible = 0;
			defaultConfigurationName = Release;
		};
		E73218FD1B7C7CFB00B09F6B /* Build configuration list for PBXNativeTarget "KDteacherTests" */ = {
			isa = XCConfigurationList;
			buildConfigurations = (
				E73218FE1B7C7CFB00B09F6B /* Debug */,
				E73218FF1B7C7CFB00B09F6B /* Release */,
			);
			defaultConfigurationIsVisible = 0;
			defaultConfigurationName = Release;
		};
/* End XCConfigurationList section */
	};
	rootObject = E73218CF1B7C7CFA00B09F6B /* Project object */;
}
