// !$*UTF8*$!
{
	archiveVersion = 1;
	classes = {
	};
	objectVersion = 46;
	objects = {

/* Begin PBXBuildFile section */
		04A6ADFA1B9447EC0001E58D /* setUpTableViewController.m in Sources */ = {isa = PBXBuildFile; fileRef = 04A6ADF81B9447EC0001E58D /* setUpTableViewController.m */; };
		04A6ADFB1B9447EC0001E58D /* setUpTableViewController.xib in Resources */ = {isa = PBXBuildFile; fileRef = 04A6ADF91B9447EC0001E58D /* setUpTableViewController.xib */; };
		04B250201B9552ED0041DB62 /* aboutUsViewController.m in Sources */ = {isa = PBXBuildFile; fileRef = 04B2501E1B9552ED0041DB62 /* aboutUsViewController.m */; };
		04B250211B9552ED0041DB62 /* aboutUsViewController.xib in Resources */ = {isa = PBXBuildFile; fileRef = 04B2501F1B9552ED0041DB62 /* aboutUsViewController.xib */; };
		04B2502F1B958EE80041DB62 /* pushTableViewController.m in Sources */ = {isa = PBXBuildFile; fileRef = 04B2502D1B958EE80041DB62 /* pushTableViewController.m */; };
		04B250301B958EE80041DB62 /* pushTableViewController.xib in Resources */ = {isa = PBXBuildFile; fileRef = 04B2502E1B958EE80041DB62 /* pushTableViewController.xib */; };
		04B250341B959FBC0041DB62 /* feedBackViewController.m in Sources */ = {isa = PBXBuildFile; fileRef = 04B250321B959FBC0041DB62 /* feedBackViewController.m */; };
		04B250351B959FBC0041DB62 /* feedBackViewController.xib in Resources */ = {isa = PBXBuildFile; fileRef = 04B250331B959FBC0041DB62 /* feedBackViewController.xib */; };
		04E8FE8C1B900DFF00119282 /* HomePageViewController.xib in Resources */ = {isa = PBXBuildFile; fileRef = 04E8FE801B900DFF00119282 /* HomePageViewController.xib */; };
		04E8FE931B900DFF00119282 /* HomePageViewController.m in Sources */ = {isa = PBXBuildFile; fileRef = 04E8FE8A1B900DFF00119282 /* HomePageViewController.m */; };
		E73218DD1B7C7CFA00B09F6B /* main.m in Sources */ = {isa = PBXBuildFile; fileRef = E73218DC1B7C7CFA00B09F6B /* main.m */; };
		E73218E01B7C7CFA00B09F6B /* AppDelegate.m in Sources */ = {isa = PBXBuildFile; fileRef = E73218DF1B7C7CFA00B09F6B /* AppDelegate.m */; };
		E73218E81B7C7CFA00B09F6B /* Images.xcassets in Resources */ = {isa = PBXBuildFile; fileRef = E73218E71B7C7CFA00B09F6B /* Images.xcassets */; };
		E73218EB1B7C7CFA00B09F6B /* LaunchScreen.xib in Resources */ = {isa = PBXBuildFile; fileRef = E73218E91B7C7CFA00B09F6B /* LaunchScreen.xib */; };
		E75CA5E11B7CC93C00FF56CF /* libz.dylib in Frameworks */ = {isa = PBXBuildFile; fileRef = E75CA5E01B7CC93C00FF56CF /* libz.dylib */; };
		E75CA5E51B7CCE8000FF56CF /* libMobClickLibrary.a in Frameworks */ = {isa = PBXBuildFile; fileRef = E75CA5E21B7CCE8000FF56CF /* libMobClickLibrary.a */; };
/* End PBXBuildFile section */

/* Begin PBXContainerItemProxy section */
		E73218F11B7C7CFB00B09F6B /* PBXContainerItemProxy */ = {
			isa = PBXContainerItemProxy;
			containerPortal = E73218CF1B7C7CFA00B09F6B /* Project object */;
			proxyType = 1;
			remoteGlobalIDString = E73218D61B7C7CFA00B09F6B;
			remoteInfo = KDteacher;
		};
/* End PBXContainerItemProxy section */

/* Begin PBXFileReference section */
		04A6ADF71B9447EC0001E58D /* setUpTableViewController.h */ = {isa = PBXFileReference; fileEncoding = 4; lastKnownFileType = sourcecode.c.h; path = setUpTableViewController.h; sourceTree = "<group>"; };
		04A6ADF81B9447EC0001E58D /* setUpTableViewController.m */ = {isa = PBXFileReference; fileEncoding = 4; lastKnownFileType = sourcecode.c.objc; path = setUpTableViewController.m; sourceTree = "<group>"; };
		04A6ADF91B9447EC0001E58D /* setUpTableViewController.xib */ = {isa = PBXFileReference; fileEncoding = 4; lastKnownFileType = file.xib; path = setUpTableViewController.xib; sourceTree = "<group>"; };
		04B2501D1B9552ED0041DB62 /* aboutUsViewController.h */ = {isa = PBXFileReference; fileEncoding = 4; lastKnownFileType = sourcecode.c.h; path = aboutUsViewController.h; sourceTree = "<group>"; };
		04B2501E1B9552ED0041DB62 /* aboutUsViewController.m */ = {isa = PBXFileReference; fileEncoding = 4; lastKnownFileType = sourcecode.c.objc; path = aboutUsViewController.m; sourceTree = "<group>"; };
		04B2501F1B9552ED0041DB62 /* aboutUsViewController.xib */ = {isa = PBXFileReference; fileEncoding = 4; lastKnownFileType = file.xib; path = aboutUsViewController.xib; sourceTree = "<group>"; };
		04B2502C1B958EE80041DB62 /* pushTableViewController.h */ = {isa = PBXFileReference; fileEncoding = 4; lastKnownFileType = sourcecode.c.h; path = pushTableViewController.h; sourceTree = "<group>"; };
		04B2502D1B958EE80041DB62 /* pushTableViewController.m */ = {isa = PBXFileReference; fileEncoding = 4; lastKnownFileType = sourcecode.c.objc; path = pushTableViewController.m; sourceTree = "<group>"; };
		04B2502E1B958EE80041DB62 /* pushTableViewController.xib */ = {isa = PBXFileReference; fileEncoding = 4; lastKnownFileType = file.xib; path = pushTableViewController.xib; sourceTree = "<group>"; };
		04B250311B959FBC0041DB62 /* feedBackViewController.h */ = {isa = PBXFileReference; fileEncoding = 4; lastKnownFileType = sourcecode.c.h; path = feedBackViewController.h; sourceTree = "<group>"; };
		04B250321B959FBC0041DB62 /* feedBackViewController.m */ = {isa = PBXFileReference; fileEncoding = 4; lastKnownFileType = sourcecode.c.objc; path = feedBackViewController.m; sourceTree = "<group>"; };
		04B250331B959FBC0041DB62 /* feedBackViewController.xib */ = {isa = PBXFileReference; fileEncoding = 4; lastKnownFileType = file.xib; path = feedBackViewController.xib; sourceTree = "<group>"; };
		04E8FE801B900DFF00119282 /* HomePageViewController.xib */ = {isa = PBXFileReference; fileEncoding = 4; lastKnownFileType = file.xib; path = HomePageViewController.xib; sourceTree = "<group>"; };
		04E8FE8A1B900DFF00119282 /* HomePageViewController.m */ = {isa = PBXFileReference; fileEncoding = 4; lastKnownFileType = sourcecode.c.objc; path = HomePageViewController.m; sourceTree = "<group>"; };
		04E8FE8B1B900DFF00119282 /* HomePageViewController.h */ = {isa = PBXFileReference; fileEncoding = 4; lastKnownFileType = sourcecode.c.h; path = HomePageViewController.h; sourceTree = "<group>"; };
		E73218D71B7C7CFA00B09F6B /* 问界互动家园.app */ = {isa = PBXFileReference; explicitFileType = wrapper.application; includeInIndex = 0; path = "问界互动家园.app"; sourceTree = BUILT_PRODUCTS_DIR; };
		E73218DB1B7C7CFA00B09F6B /* Info.plist */ = {isa = PBXFileReference; lastKnownFileType = text.plist.xml; path = Info.plist; sourceTree = "<group>"; };
		E73218DC1B7C7CFA00B09F6B /* main.m */ = {isa = PBXFileReference; lastKnownFileType = sourcecode.c.objc; path = main.m; sourceTree = "<group>"; };
		E73218DE1B7C7CFA00B09F6B /* AppDelegate.h */ = {isa = PBXFileReference; lastKnownFileType = sourcecode.c.h; path = AppDelegate.h; sourceTree = "<group>"; };
		E73218DF1B7C7CFA00B09F6B /* AppDelegate.m */ = {isa = PBXFileReference; lastKnownFileType = sourcecode.c.objc; path = AppDelegate.m; sourceTree = "<group>"; };
		E73218E71B7C7CFA00B09F6B /* Images.xcassets */ = {isa = PBXFileReference; lastKnownFileType = folder.assetcatalog; path = Images.xcassets; sourceTree = "<group>"; };
		E73218EA1B7C7CFA00B09F6B /* Base */ = {isa = PBXFileReference; lastKnownFileType = file.xib; name = Base; path = Base.lproj/LaunchScreen.xib; sourceTree = "<group>"; };
		E73218F01B7C7CFB00B09F6B /* KDteacherTests.xctest */ = {isa = PBXFileReference; explicitFileType = wrapper.cfbundle; includeInIndex = 0; path = KDteacherTests.xctest; sourceTree = BUILT_PRODUCTS_DIR; };
		E73218F51B7C7CFB00B09F6B /* Info.plist */ = {isa = PBXFileReference; lastKnownFileType = text.plist.xml; path = Info.plist; sourceTree = "<group>"; };
		E73218F61B7C7CFB00B09F6B /* KDteacherTests.m */ = {isa = PBXFileReference; lastKnownFileType = sourcecode.c.objc; path = KDteacherTests.m; sourceTree = "<group>"; };
		E75CA5E01B7CC93C00FF56CF /* libz.dylib */ = {isa = PBXFileReference; lastKnownFileType = "compiled.mach-o.dylib"; name = libz.dylib; path = usr/lib/libz.dylib; sourceTree = SDKROOT; };
		E75CA5E21B7CCE8000FF56CF /* libMobClickLibrary.a */ = {isa = PBXFileReference; lastKnownFileType = archive.ar; path = libMobClickLibrary.a; sourceTree = "<group>"; };
		E75CA5E31B7CCE8000FF56CF /* MobClick.h */ = {isa = PBXFileReference; fileEncoding = 4; lastKnownFileType = sourcecode.c.h; path = MobClick.h; sourceTree = "<group>"; };
		E75CA5E41B7CCE8000FF56CF /* MobClickSocialAnalytics.h */ = {isa = PBXFileReference; fileEncoding = 4; lastKnownFileType = sourcecode.c.h; path = MobClickSocialAnalytics.h; sourceTree = "<group>"; };
/* End PBXFileReference section */

/* Begin PBXFrameworksBuildPhase section */
		E73218D41B7C7CFA00B09F6B /* Frameworks */ = {
			isa = PBXFrameworksBuildPhase;
			buildActionMask = 2147483647;
			files = (
				E75CA5E11B7CC93C00FF56CF /* libz.dylib in Frameworks */,
				E75CA5E51B7CCE8000FF56CF /* libMobClickLibrary.a in Frameworks */,
			);
			runOnlyForDeploymentPostprocessing = 0;
		};
		E73218ED1B7C7CFB00B09F6B /* Frameworks */ = {
			isa = PBXFrameworksBuildPhase;
			buildActionMask = 2147483647;
			files = (
			);
			runOnlyForDeploymentPostprocessing = 0;
		};
/* End PBXFrameworksBuildPhase section */

/* Begin PBXGroup section */
		04B2501C1B9552C80041DB62 /* setUp */ = {
			isa = PBXGroup;
			children = (
				04B2501D1B9552ED0041DB62 /* aboutUsViewController.h */,
				04B2501E1B9552ED0041DB62 /* aboutUsViewController.m */,
				04B2501F1B9552ED0041DB62 /* aboutUsViewController.xib */,
				04B2502C1B958EE80041DB62 /* pushTableViewController.h */,
				04B2502D1B958EE80041DB62 /* pushTableViewController.m */,
				04B2502E1B958EE80041DB62 /* pushTableViewController.xib */,
				04B250311B959FBC0041DB62 /* feedBackViewController.h */,
				04B250321B959FBC0041DB62 /* feedBackViewController.m */,
				04B250331B959FBC0041DB62 /* feedBackViewController.xib */,
			);
			name = setUp;
			sourceTree = "<group>";
		};
		04E8FE7F1B900DBD00119282 /* TabBar */ = {
			isa = PBXGroup;
			children = (
				04E8FE801B900DFF00119282 /* HomePageViewController.xib */,
				04E8FE8A1B900DFF00119282 /* HomePageViewController.m */,
				04E8FE8B1B900DFF00119282 /* HomePageViewController.h */,
				04A6ADF71B9447EC0001E58D /* setUpTableViewController.h */,
				04A6ADF81B9447EC0001E58D /* setUpTableViewController.m */,
				04A6ADF91B9447EC0001E58D /* setUpTableViewController.xib */,
			);
			name = TabBar;
			sourceTree = "<group>";
		};
		E73218CE1B7C7CFA00B09F6B = {
			isa = PBXGroup;
			children = (
				E75CA5E01B7CC93C00FF56CF /* libz.dylib */,
				E73218D91B7C7CFA00B09F6B /* KDteacher */,
				E73218F31B7C7CFB00B09F6B /* KDteacherTests */,
				E73218D81B7C7CFA00B09F6B /* Products */,
			);
			sourceTree = "<group>";
		};
		E73218D81B7C7CFA00B09F6B /* Products */ = {
			isa = PBXGroup;
			children = (
				E73218D71B7C7CFA00B09F6B /* 问界互动家园.app */,
				E73218F01B7C7CFB00B09F6B /* KDteacherTests.xctest */,
			);
			name = Products;
			sourceTree = "<group>";
		};
		E73218D91B7C7CFA00B09F6B /* KDteacher */ = {
			isa = PBXGroup;
			children = (
				04B2501C1B9552C80041DB62 /* setUp */,
				04E8FE7F1B900DBD00119282 /* TabBar */,
				E75CA5E21B7CCE8000FF56CF /* libMobClickLibrary.a */,
				E75CA5E31B7CCE8000FF56CF /* MobClick.h */,
				E75CA5E41B7CCE8000FF56CF /* MobClickSocialAnalytics.h */,
				E73218DE1B7C7CFA00B09F6B /* AppDelegate.h */,
				E73218DF1B7C7CFA00B09F6B /* AppDelegate.m */,
				E73218E71B7C7CFA00B09F6B /* Images.xcassets */,
				E73218E91B7C7CFA00B09F6B /* LaunchScreen.xib */,
				E73218DA1B7C7CFA00B09F6B /* Supporting Files */,
			);
			path = KDteacher;
			sourceTree = "<group>";
		};
		E73218DA1B7C7CFA00B09F6B /* Supporting Files */ = {
			isa = PBXGroup;
			children = (
				E73218DB1B7C7CFA00B09F6B /* Info.plist */,
				E73218DC1B7C7CFA00B09F6B /* main.m */,
			);
			name = "Supporting Files";
			sourceTree = "<group>";
		};
		E73218F31B7C7CFB00B09F6B /* KDteacherTests */ = {
			isa = PBXGroup;
			children = (
				E73218F61B7C7CFB00B09F6B /* KDteacherTests.m */,
				E73218F41B7C7CFB00B09F6B /* Supporting Files */,
			);
			path = KDteacherTests;
			sourceTree = "<group>";
		};
		E73218F41B7C7CFB00B09F6B /* Supporting Files */ = {
			isa = PBXGroup;
			children = (
				E73218F51B7C7CFB00B09F6B /* Info.plist */,
			);
			name = "Supporting Files";
			sourceTree = "<group>";
		};
/* End PBXGroup section */

/* Begin PBXNativeTarget section */
		E73218D61B7C7CFA00B09F6B /* KDteacher */ = {
			isa = PBXNativeTarget;
			buildConfigurationList = E73218FA1B7C7CFB00B09F6B /* Build configuration list for PBXNativeTarget "KDteacher" */;
			buildPhases = (
				E73218D31B7C7CFA00B09F6B /* Sources */,
				E73218D41B7C7CFA00B09F6B /* Frameworks */,
				E73218D51B7C7CFA00B09F6B /* Resources */,
			);
			buildRules = (
			);
			dependencies = (
			);
			name = KDteacher;
			productName = KDteacher;
			productReference = E73218D71B7C7CFA00B09F6B /* 问界互动家园.app */;
			productType = "com.apple.product-type.application";
		};
		E73218EF1B7C7CFB00B09F6B /* KDteacherTests */ = {
			isa = PBXNativeTarget;
			buildConfigurationList = E73218FD1B7C7CFB00B09F6B /* Build configuration list for PBXNativeTarget "KDteacherTests" */;
			buildPhases = (
				E73218EC1B7C7CFB00B09F6B /* Sources */,
				E73218ED1B7C7CFB00B09F6B /* Frameworks */,
				E73218EE1B7C7CFB00B09F6B /* Resources */,
			);
			buildRules = (
			);
			dependencies = (
				E73218F21B7C7CFB00B09F6B /* PBXTargetDependency */,
			);
			name = KDteacherTests;
			productName = KDteacherTests;
			productReference = E73218F01B7C7CFB00B09F6B /* KDteacherTests.xctest */;
			productType = "com.apple.product-type.bundle.unit-test";
		};
/* End PBXNativeTarget section */

/* Begin PBXProject section */
		E73218CF1B7C7CFA00B09F6B /* Project object */ = {
			isa = PBXProject;
			attributes = {
				LastUpgradeCheck = 0640;
				ORGANIZATIONNAME = liumingquan;
				TargetAttributes = {
					E73218D61B7C7CFA00B09F6B = {
						CreatedOnToolsVersion = 6.4;
						DevelopmentTeam = M5PP646L93;
					};
					E73218EF1B7C7CFB00B09F6B = {
						CreatedOnToolsVersion = 6.4;
						TestTargetID = E73218D61B7C7CFA00B09F6B;
					};
				};
			};
			buildConfigurationList = E73218D21B7C7CFA00B09F6B /* Build configuration list for PBXProject "KDteacher" */;
			compatibilityVersion = "Xcode 3.2";
			developmentRegion = English;
			hasScannedForEncodings = 0;
			knownRegions = (
				en,
				Base,
			);
			mainGroup = E73218CE1B7C7CFA00B09F6B;
			productRefGroup = E73218D81B7C7CFA00B09F6B /* Products */;
			projectDirPath = "";
			projectRoot = "";
			targets = (
				E73218D61B7C7CFA00B09F6B /* KDteacher */,
				E73218EF1B7C7CFB00B09F6B /* KDteacherTests */,
			);
		};
/* End PBXProject section */

/* Begin PBXResourcesBuildPhase section */
		E73218D51B7C7CFA00B09F6B /* Resources */ = {
			isa = PBXResourcesBuildPhase;
			buildActionMask = 2147483647;
			files = (
				04E8FE8C1B900DFF00119282 /* HomePageViewController.xib in Resources */,
				04B250211B9552ED0041DB62 /* aboutUsViewController.xib in Resources */,
				04A6ADFB1B9447EC0001E58D /* setUpTableViewController.xib in Resources */,
				E73218EB1B7C7CFA00B09F6B /* LaunchScreen.xib in Resources */,
				E73218E81B7C7CFA00B09F6B /* Images.xcassets in Resources */,
				04B250301B958EE80041DB62 /* pushTableViewController.xib in Resources */,
				04B250351B959FBC0041DB62 /* feedBackViewController.xib in Resources */,
			);
			runOnlyForDeploymentPostprocessing = 0;
		};
		E73218EE1B7C7CFB00B09F6B /* Resources */ = {
			isa = PBXResourcesBuildPhase;
			buildActionMask = 2147483647;
			files = (
			);
			runOnlyForDeploymentPostprocessing = 0;
		};
/* End PBXResourcesBuildPhase section */

/* Begin PBXSourcesBuildPhase section */
		E73218D31B7C7CFA00B09F6B /* Sources */ = {
			isa = PBXSourcesBuildPhase;
			buildActionMask = 2147483647;
			files = (
				E73218E01B7C7CFA00B09F6B /* AppDelegate.m in Sources */,
				04A6ADFA1B9447EC0001E58D /* setUpTableViewController.m in Sources */,
				04B250341B959FBC0041DB62 /* feedBackViewController.m in Sources */,
				04E8FE931B900DFF00119282 /* HomePageViewController.m in Sources */,
				04B250201B9552ED0041DB62 /* aboutUsViewController.m in Sources */,
				E73218DD1B7C7CFA00B09F6B /* main.m in Sources */,
				04B2502F1B958EE80041DB62 /* pushTableViewController.m in Sources */,
			);
			runOnlyForDeploymentPostprocessing = 0;
		};
		E73218EC1B7C7CFB00B09F6B /* Sources */ = {
			isa = PBXSourcesBuildPhase;
			buildActionMask = 2147483647;
			files = (
			);
			runOnlyForDeploymentPostprocessing = 0;
		};
/* End PBXSourcesBuildPhase section */

/* Begin PBXTargetDependency section */
		E73218F21B7C7CFB00B09F6B /* PBXTargetDependency */ = {
			isa = PBXTargetDependency;
			target = E73218D61B7C7CFA00B09F6B /* KDteacher */;
			targetProxy = E73218F11B7C7CFB00B09F6B /* PBXContainerItemProxy */;
		};
/* End PBXTargetDependency section */

/* Begin PBXVariantGroup section */
		E73218E91B7C7CFA00B09F6B /* LaunchScreen.xib */ = {
			isa = PBXVariantGroup;
			children = (
				E73218EA1B7C7CFA00B09F6B /* Base */,
			);
			name = LaunchScreen.xib;
			sourceTree = "<group>";
		};
/* End PBXVariantGroup section */

/* Begin XCBuildConfiguration section */
		E73218F81B7C7CFB00B09F6B /* Debug */ = {
			isa = XCBuildConfiguration;
			buildSettings = {
				ALWAYS_SEARCH_USER_PATHS = NO;
				CLANG_CXX_LANGUAGE_STANDARD = "gnu++0x";
				CLANG_CXX_LIBRARY = "libc++";
				CLANG_ENABLE_MODULES = YES;
				CLANG_ENABLE_OBJC_ARC = YES;
				CLANG_WARN_BOOL_CONVERSION = YES;
				CLANG_WARN_CONSTANT_CONVERSION = YES;
				CLANG_WARN_DIRECT_OBJC_ISA_USAGE = YES_ERROR;
				CLANG_WARN_EMPTY_BODY = YES;
				CLANG_WARN_ENUM_CONVERSION = YES;
				CLANG_WARN_INT_CONVERSION = YES;
				CLANG_WARN_OBJC_ROOT_CLASS = YES_ERROR;
				CLANG_WARN_UNREACHABLE_CODE = YES;
				CLANG_WARN__DUPLICATE_METHOD_MATCH = YES;
				"CODE_SIGN_IDENTITY[sdk=iphoneos*]" = "iPhone Developer";
				COPY_PHASE_STRIP = NO;
				DEBUG_INFORMATION_FORMAT = "dwarf-with-dsym";
				ENABLE_STRICT_OBJC_MSGSEND = YES;
				GCC_C_LANGUAGE_STANDARD = gnu99;
				GCC_DYNAMIC_NO_PIC = NO;
				GCC_NO_COMMON_BLOCKS = YES;
				GCC_OPTIMIZATION_LEVEL = 0;
				GCC_PREPROCESSOR_DEFINITIONS = (
					"DEBUG=1",
					"$(inherited)",
				);
				GCC_SYMBOLS_PRIVATE_EXTERN = NO;
				GCC_WARN_64_TO_32_BIT_CONVERSION = YES;
				GCC_WARN_ABOUT_RETURN_TYPE = YES_ERROR;
				GCC_WARN_UNDECLARED_SELECTOR = YES;
				GCC_WARN_UNINITIALIZED_AUTOS = YES_AGGRESSIVE;
				GCC_WARN_UNUSED_FUNCTION = YES;
				GCC_WARN_UNUSED_VARIABLE = YES;
				IPHONEOS_DEPLOYMENT_TARGET = 7.0;
				MTL_ENABLE_DEBUG_INFO = YES;
				ONLY_ACTIVE_ARCH = YES;
				SDKROOT = iphoneos;
			};
			name = Debug;
		};
		E73218F91B7C7CFB00B09F6B /* Release */ = {
			isa = XCBuildConfiguration;
			buildSettings = {
				ALWAYS_SEARCH_USER_PATHS = NO;
				CLANG_CXX_LANGUAGE_STANDARD = "gnu++0x";
				CLANG_CXX_LIBRARY = "libc++";
				CLANG_ENABLE_MODULES = YES;
				CLANG_ENABLE_OBJC_ARC = YES;
				CLANG_WARN_BOOL_CONVERSION = YES;
				CLANG_WARN_CONSTANT_CONVERSION = YES;
				CLANG_WARN_DIRECT_OBJC_ISA_USAGE = YES_ERROR;
				CLANG_WARN_EMPTY_BODY = YES;
				CLANG_WARN_ENUM_CONVERSION = YES;
				CLANG_WARN_INT_CONVERSION = YES;
				CLANG_WARN_OBJC_ROOT_CLASS = YES_ERROR;
				CLANG_WARN_UNREACHABLE_CODE = YES;
				CLANG_WARN__DUPLICATE_METHOD_MATCH = YES;
				"CODE_SIGN_IDENTITY[sdk=iphoneos*]" = "iPhone Developer";
				COPY_PHASE_STRIP = NO;
				DEBUG_INFORMATION_FORMAT = "dwarf-with-dsym";
				ENABLE_NS_ASSERTIONS = NO;
				ENABLE_STRICT_OBJC_MSGSEND = YES;
				GCC_C_LANGUAGE_STANDARD = gnu99;
				GCC_NO_COMMON_BLOCKS = YES;
				GCC_WARN_64_TO_32_BIT_CONVERSION = YES;
				GCC_WARN_ABOUT_RETURN_TYPE = YES_ERROR;
				GCC_WARN_UNDECLARED_SELECTOR = YES;
				GCC_WARN_UNINITIALIZED_AUTOS = YES_AGGRESSIVE;
				GCC_WARN_UNUSED_FUNCTION = YES;
				GCC_WARN_UNUSED_VARIABLE = YES;
				IPHONEOS_DEPLOYMENT_TARGET = 7.0;
				MTL_ENABLE_DEBUG_INFO = NO;
				SDKROOT = iphoneos;
				VALIDATE_PRODUCT = YES;
			};
			name = Release;
		};
		E73218FB1B7C7CFB00B09F6B /* Debug */ = {
			isa = XCBuildConfiguration;
			buildSettings = {
				ASSETCATALOG_COMPILER_APPICON_NAME = AppIcon;
				ASSETCATALOG_COMPILER_LAUNCHIMAGE_NAME = "LaunchImage-2";
				CODE_SIGN_IDENTITY = "iPhone Developer";
				"CODE_SIGN_IDENTITY[sdk=iphoneos*]" = "iPhone Developer";
				INFOPLIST_FILE = KDteacher/Info.plist;
				IPHONEOS_DEPLOYMENT_TARGET = 8.0;
				LD_RUNPATH_SEARCH_PATHS = "$(inherited) @executable_path/Frameworks";
				LIBRARY_SEARCH_PATHS = (
					"$(inherited)",
					"$(PROJECT_DIR)/KDteacher",
				);
				PRODUCT_NAME = "问界互动家园";
				PROVISIONING_PROFILE = "";
				TARGETED_DEVICE_FAMILY = 1;
			};
			name = Debug;
		};
		E73218FC1B7C7CFB00B09F6B /* Release */ = {
			isa = XCBuildConfiguration;
			buildSettings = {
				ASSETCATALOG_COMPILER_APPICON_NAME = AppIcon;
				ASSETCATALOG_COMPILER_LAUNCHIMAGE_NAME = "LaunchImage-2";
				CODE_SIGN_IDENTITY = "iPhone Developer";
				"CODE_SIGN_IDENTITY[sdk=iphoneos*]" = "iPhone Developer";
				INFOPLIST_FILE = KDteacher/Info.plist;
				IPHONEOS_DEPLOYMENT_TARGET = 8.0;
				LD_RUNPATH_SEARCH_PATHS = "$(inherited) @executable_path/Frameworks";
				LIBRARY_SEARCH_PATHS = (
					"$(inherited)",
					"$(PROJECT_DIR)/KDteacher",
				);
				PRODUCT_NAME = "问界互动家园";
				PROVISIONING_PROFILE = "";
				TARGETED_DEVICE_FAMILY = 1;
			};
			name = Release;
		};
		E73218FE1B7C7CFB00B09F6B /* Debug */ = {
			isa = XCBuildConfiguration;
			buildSettings = {
				BUNDLE_LOADER = "$(TEST_HOST)";
				FRAMEWORK_SEARCH_PATHS = (
					"$(SDKROOT)/Developer/Library/Frameworks",
					"$(inherited)",
				);
				GCC_PREPROCESSOR_DEFINITIONS = (
					"DEBUG=1",
					"$(inherited)",
				);
				INFOPLIST_FILE = KDteacherTests/Info.plist;
				LD_RUNPATH_SEARCH_PATHS = "$(inherited) @executable_path/Frameworks @loader_path/Frameworks";
				PRODUCT_NAME = "$(TARGET_NAME)";
				TEST_HOST = "$(BUILT_PRODUCTS_DIR)/KDteacher.app/KDteacher";
			};
			name = Debug;
		};
		E73218FF1B7C7CFB00B09F6B /* Release */ = {
			isa = XCBuildConfiguration;
			buildSettings = {
				BUNDLE_LOADER = "$(TEST_HOST)";
				FRAMEWORK_SEARCH_PATHS = (
					"$(SDKROOT)/Developer/Library/Frameworks",
					"$(inherited)",
				);
				INFOPLIST_FILE = KDteacherTests/Info.plist;
				LD_RUNPATH_SEARCH_PATHS = "$(inherited) @executable_path/Frameworks @loader_path/Frameworks";
				PRODUCT_NAME = "$(TARGET_NAME)";
				TEST_HOST = "$(BUILT_PRODUCTS_DIR)/KDteacher.app/KDteacher";
			};
			name = Release;
		};
/* End XCBuildConfiguration section */

/* Begin XCConfigurationList section */
		E73218D21B7C7CFA00B09F6B /* Build configuration list for PBXProject "KDteacher" */ = {
			isa = XCConfigurationList;
			buildConfigurations = (
				E73218F81B7C7CFB00B09F6B /* Debug */,
				E73218F91B7C7CFB00B09F6B /* Release */,
			);
			defaultConfigurationIsVisible = 0;
			defaultConfigurationName = Release;
		};
		E73218FA1B7C7CFB00B09F6B /* Build configuration list for PBXNativeTarget "KDteacher" */ = {
			isa = XCConfigurationList;
			buildConfigurations = (
				E73218FB1B7C7CFB00B09F6B /* Debug */,
				E73218FC1B7C7CFB00B09F6B /* Release */,
			);
			defaultConfigurationIsVisible = 0;
			defaultConfigurationName = Release;
		};
		E73218FD1B7C7CFB00B09F6B /* Build configuration list for PBXNativeTarget "KDteacherTests" */ = {
			isa = XCConfigurationList;
			buildConfigurations = (
				E73218FE1B7C7CFB00B09F6B /* Debug */,
				E73218FF1B7C7CFB00B09F6B /* Release */,
			);
			defaultConfigurationIsVisible = 0;
			defaultConfigurationName = Release;
		};
/* End XCConfigurationList section */
	};
	rootObject = E73218CF1B7C7CFA00B09F6B /* Project object */;
}
